// !$*UTF8*$!
{
	archiveVersion = 1;
	classes = {
	};
	objectVersion = 60;
	objects = {

/* Begin PBXBuildFile section */
		3074F22130116BFA008E6369 /* ChallengeHighlightCell.swift in Sources */ = {isa = PBXBuildFile; fileRef = 3074F19430116BFA008E6369 /* ChallengeHighlightCell.swift */; };
		3074F22230116BFA008E6369 /* ListRowCells.swift in Sources */ = {isa = PBXBuildFile; fileRef = 3074F19530116BFA008E6369 /* ListRowCells.swift */; };
		3074F22330116BFA008E6369 /* ModeActionCell.swift in Sources */ = {isa = PBXBuildFile; fileRef = 3074F19630116BFA008E6369 /* ModeActionCell.swift */; };
		3074F22430116BFA008E6369 /* StatPillCell.swift in Sources */ = {isa = PBXBuildFile; fileRef = 3074F19730116BFA008E6369 /* StatPillCell.swift */; };
		3074F22530116BFA008E6369 /* AnimatedButton.swift in Sources */ = {isa = PBXBuildFile; fileRef = 3074F19930116BFA008E6369 /* AnimatedButton.swift */; };
		3074F22630116BFA008E6369 /* AppCard.swift in Sources */ = {isa = PBXBuildFile; fileRef = 3074F19A30116BFA008E6369 /* AppCard.swift */; };
		3074F22730116BFA008E6369 /* AppTextField.swift in Sources */ = {isa = PBXBuildFile; fileRef = 3074F19B30116BFA008E6369 /* AppTextField.swift */; };
		3074F22830116BFA008E6369 /* EmptyStateView.swift in Sources */ = {isa = PBXBuildFile; fileRef = 3074F19C30116BFA008E6369 /* EmptyStateView.swift */; };
		3074F22930116BFA008E6369 /* GlowEffect.swift in Sources */ = {isa = PBXBuildFile; fileRef = 3074F19D30116BFA008E6369 /* GlowEffect.swift */; };
		3074F22A30116BFA008E6369 /* GradientBackground.swift in Sources */ = {isa = PBXBuildFile; fileRef = 3074F19E30116BFA008E6369 /* GradientBackground.swift */; };
		3074F22B30116BFA008E6369 /* ScreenScaffold.swift in Sources */ = {isa = PBXBuildFile; fileRef = 3074F19F30116BFA008E6369 /* ScreenScaffold.swift */; };
		3074F22C30116BFA008E6369 /* SurfaceStyle.swift in Sources */ = {isa = PBXBuildFile; fileRef = 3074F1A030116BFA008E6369 /* SurfaceStyle.swift */; };
		3074F22D30116BFA008E6369 /* AccessibilityModifier.swift in Sources */ = {isa = PBXBuildFile; fileRef = 3074F1A230116BFA008E6369 /* AccessibilityModifier.swift */; };
		3074F22E30116BFA008E6369 /* Color+Theme.swift in Sources */ = {isa = PBXBuildFile; fileRef = 3074F1A330116BFA008E6369 /* Color+Theme.swift */; };
		3074F22F30116BFA008E6369 /* DateFormatter+App.swift in Sources */ = {isa = PBXBuildFile; fileRef = 3074F1A430116BFA008E6369 /* DateFormatter+App.swift */; };
		3074F23030116BFA008E6369 /* AppLink.swift in Sources */ = {isa = PBXBuildFile; fileRef = 3074F1A730116BFA008E6369 /* AppLink.swift */; };
		3074F23130116BFA008E6369 /* AppCoordinator.swift in Sources */ = {isa = PBXBuildFile; fileRef = 3074F1A930116BFA008E6369 /* AppCoordinator.swift */; };
		3074F23230116BFA008E6369 /* AppsFlyerManager.swift in Sources */ = {isa = PBXBuildFile; fileRef = 3074F1AB30116BFA008E6369 /* AppsFlyerManager.swift */; };
		3074F23330116BFA008E6369 /* ConfigManager.swift in Sources */ = {isa = PBXBuildFile; fileRef = 3074F1AC30116BFA008E6369 /* ConfigManager.swift */; };
		3074F23430116BFA008E6369 /* LoadingManager.swift in Sources */ = {isa = PBXBuildFile; fileRef = 3074F1AD30116BFA008E6369 /* LoadingManager.swift */; };
		3074F23530116BFA008E6369 /* LoadingView.swift in Sources */ = {isa = PBXBuildFile; fileRef = 3074F1AE30116BFA008E6369 /* LoadingView.swift */; };
		3074F23630116BFA008E6369 /* LoadingViewController.swift in Sources */ = {isa = PBXBuildFile; fileRef = 3074F1AF30116BFA008E6369 /* LoadingViewController.swift */; };
		3074F23730116BFA008E6369 /* NetworkAvailability.swift in Sources */ = {isa = PBXBuildFile; fileRef = 3074F1B030116BFA008E6369 /* NetworkAvailability.swift */; };
		3074F23830116BFA008E6369 /* NoInternetView.swift in Sources */ = {isa = PBXBuildFile; fileRef = 3074F1B130116BFA008E6369 /* NoInternetView.swift */; };
		3074F23930116BFA008E6369 /* NotificationPermissionManager.swift in Sources */ = {isa = PBXBuildFile; fileRef = 3074F1B230116BFA008E6369 /* NotificationPermissionManager.swift */; };
		3074F23A30116BFA008E6369 /* NotificationPermissionView.swift in Sources */ = {isa = PBXBuildFile; fileRef = 3074F1B330116BFA008E6369 /* NotificationPermissionView.swift */; };
		3074F23B30116BFA008E6369 /* NotificationPermissionViewController.swift in Sources */ = {isa = PBXBuildFile; fileRef = 3074F1B430116BFA008E6369 /* NotificationPermissionViewController.swift */; };
		3074F23C30116BFA008E6369 /* PushNotificationURLRouter.swift in Sources */ = {isa = PBXBuildFile; fileRef = 3074F1B530116BFA008E6369 /* PushNotificationURLRouter.swift */; };
		3074F23D30116BFA008E6369 /* UserAgentBuilder.swift in Sources */ = {isa = PBXBuildFile; fileRef = 3074F1B630116BFA008E6369 /* UserAgentBuilder.swift */; };
		3074F23E30116BFA008E6369 /* WebviewVC.swift in Sources */ = {isa = PBXBuildFile; fileRef = 3074F1B730116BFA008E6369 /* WebviewVC.swift */; };
		3074F23F30116BFA008E6369 /* AccessibilitySettings.swift in Sources */ = {isa = PBXBuildFile; fileRef = 3074F1B930116BFA008E6369 /* AccessibilitySettings.swift */; };
		3074F24030116BFA008E6369 /* Achievement.swift in Sources */ = {isa = PBXBuildFile; fileRef = 3074F1BA30116BFA008E6369 /* Achievement.swift */; };
		3074F24130116BFA008E6369 /* Category.swift in Sources */ = {isa = PBXBuildFile; fileRef = 3074F1BB30116BFA008E6369 /* Category.swift */; };
		3074F24230116BFA008E6369 /* ChainAnalysis.swift in Sources */ = {isa = PBXBuildFile; fileRef = 3074F1BC30116BFA008E6369 /* ChainAnalysis.swift */; };
		3074F24330116BFA008E6369 /* ChainSession.swift in Sources */ = {isa = PBXBuildFile; fileRef = 3074F1BD30116BFA008E6369 /* ChainSession.swift */; };
		3074F24430116BFA008E6369 /* CustomChain.swift in Sources */ = {isa = PBXBuildFile; fileRef = 3074F1BE30116BFA008E6369 /* CustomChain.swift */; };
		3074F24530116BFA008E6369 /* DailyChallenge.swift in Sources */ = {isa = PBXBuildFile; fileRef = 3074F1BF30116BFA008E6369 /* DailyChallenge.swift */; };
		3074F24630116BFA008E6369 /* GamePlayConfig.swift in Sources */ = {isa = PBXBuildFile; fileRef = 3074F1C030116BFA008E6369 /* GamePlayConfig.swift */; };
		3074F24730116BFA008E6369 /* LeaderboardEntry.swift in Sources */ = {isa = PBXBuildFile; fileRef = 3074F1C130116BFA008E6369 /* LeaderboardEntry.swift */; };
		3074F24830116BFA008E6369 /* LogicPuzzleLevel.swift in Sources */ = {isa = PBXBuildFile; fileRef = 3074F1C230116BFA008E6369 /* LogicPuzzleLevel.swift */; };
		3074F24930116BFA008E6369 /* OnboardingPage.swift in Sources */ = {isa = PBXBuildFile; fileRef = 3074F1C330116BFA008E6369 /* OnboardingPage.swift */; };
		3074F24A30116BFA008E6369 /* SkillProgress.swift in Sources */ = {isa = PBXBuildFile; fileRef = 3074F1C430116BFA008E6369 /* SkillProgress.swift */; };
		3074F24B30116BFA008E6369 /* Stats.swift in Sources */ = {isa = PBXBuildFile; fileRef = 3074F1C530116BFA008E6369 /* Stats.swift */; };
		3074F24C30116BFA008E6369 /* WeeklyCampaign.swift in Sources */ = {isa = PBXBuildFile; fileRef = 3074F1C630116BFA008E6369 /* WeeklyCampaign.swift */; };
		3074F24D30116BFA008E6369 /* Word.swift in Sources */ = {isa = PBXBuildFile; fileRef = 3074F1C730116BFA008E6369 /* Word.swift */; };
		3074F24E30116BFA008E6369 /* WordFrequency.swift in Sources */ = {isa = PBXBuildFile; fileRef = 3074F1C830116BFA008E6369 /* WordFrequency.swift */; };
		3074F24F30116BFA008E6369 /* WordPair.swift in Sources */ = {isa = PBXBuildFile; fileRef = 3074F1C930116BFA008E6369 /* WordPair.swift */; };
		3074F25030116BFA008E6369 /* AccessibilitySpeechService.swift in Sources */ = {isa = PBXBuildFile; fileRef = 3074F1CB30116BFA008E6369 /* AccessibilitySpeechService.swift */; };
		3074F25130116BFA008E6369 /* AchievementService.swift in Sources */ = {isa = PBXBuildFile; fileRef = 3074F1CC30116BFA008E6369 /* AchievementService.swift */; };
		3074F25230116BFA008E6369 /* ChainAnalysisService.swift in Sources */ = {isa = PBXBuildFile; fileRef = 3074F1CD30116BFA008E6369 /* ChainAnalysisService.swift */; };
		3074F25330116BFA008E6369 /* ChainBuilderService.swift in Sources */ = {isa = PBXBuildFile; fileRef = 3074F1CE30116BFA008E6369 /* ChainBuilderService.swift */; };
		3074F25430116BFA008E6369 /* ChainEngine.swift in Sources */ = {isa = PBXBuildFile; fileRef = 3074F1CF30116BFA008E6369 /* ChainEngine.swift */; };
		3074F25530116BFA008E6369 /* OnboardingStore.swift in Sources */ = {isa = PBXBuildFile; fileRef = 3074F1D030116BFA008E6369 /* OnboardingStore.swift */; };
		3074F25630116BFA008E6369 /* PuzzleService.swift in Sources */ = {isa = PBXBuildFile; fileRef = 3074F1D130116BFA008E6369 /* PuzzleService.swift */; };
		3074F25730116BFA008E6369 /* ShareService.swift in Sources */ = {isa = PBXBuildFile; fileRef = 3074F1D230116BFA008E6369 /* ShareService.swift */; };
		3074F25830116BFA008E6369 /* SkillTreeService.swift in Sources */ = {isa = PBXBuildFile; fileRef = 3074F1D330116BFA008E6369 /* SkillTreeService.swift */; };
		3074F25930116BFA008E6369 /* StorageService.swift in Sources */ = {isa = PBXBuildFile; fileRef = 3074F1D430116BFA008E6369 /* StorageService.swift */; };
		3074F25A30116BFA008E6369 /* WeeklyCampaignService.swift in Sources */ = {isa = PBXBuildFile; fileRef = 3074F1D530116BFA008E6369 /* WeeklyCampaignService.swift */; };
		3074F25B30116BFA008E6369 /* WordService.swift in Sources */ = {isa = PBXBuildFile; fileRef = 3074F1D630116BFA008E6369 /* WordService.swift */; };
		3074F25C30116BFA008E6369 /* AchievementsViewModel.swift in Sources */ = {isa = PBXBuildFile; fileRef = 3074F1D830116BFA008E6369 /* AchievementsViewModel.swift */; };
		3074F25D30116BFA008E6369 /* BattleViewModel.swift in Sources */ = {isa = PBXBuildFile; fileRef = 3074F1D930116BFA008E6369 /* BattleViewModel.swift */; };
		3074F25E30116BFA008E6369 /* ChainBuilderViewModel.swift in Sources */ = {isa = PBXBuildFile; fileRef = 3074F1DA30116BFA008E6369 /* ChainBuilderViewModel.swift */; };
		3074F25F30116BFA008E6369 /* DailyChallengeViewModel.swift in Sources */ = {isa = PBXBuildFile; fileRef = 3074F1DB30116BFA008E6369 /* DailyChallengeViewModel.swift */; };
		3074F26030116BFA008E6369 /* DictionaryViewModel.swift in Sources */ = {isa = PBXBuildFile; fileRef = 3074F1DC30116BFA008E6369 /* DictionaryViewModel.swift */; };
		3074F26130116BFA008E6369 /* FriendChallengeViewModel.swift in Sources */ = {isa = PBXBuildFile; fileRef = 3074F1DD30116BFA008E6369 /* FriendChallengeViewModel.swift */; };
		3074F26230116BFA008E6369 /* GameViewModel.swift in Sources */ = {isa = PBXBuildFile; fileRef = 3074F1DE30116BFA008E6369 /* GameViewModel.swift */; };
		3074F26330116BFA008E6369 /* HomeViewModel.swift in Sources */ = {isa = PBXBuildFile; fileRef = 3074F1DF30116BFA008E6369 /* HomeViewModel.swift */; };
		3074F26430116BFA008E6369 /* LeaderboardViewModel.swift in Sources */ = {isa = PBXBuildFile; fileRef = 3074F1E030116BFA008E6369 /* LeaderboardViewModel.swift */; };
		3074F26530116BFA008E6369 /* LogicPuzzleViewModel.swift in Sources */ = {isa = PBXBuildFile; fileRef = 3074F1E130116BFA008E6369 /* LogicPuzzleViewModel.swift */; };
		3074F26630116BFA008E6369 /* OnboardingViewModel.swift in Sources */ = {isa = PBXBuildFile; fileRef = 3074F1E230116BFA008E6369 /* OnboardingViewModel.swift */; };
		3074F26730116BFA008E6369 /* ResultViewModel.swift in Sources */ = {isa = PBXBuildFile; fileRef = 3074F1E330116BFA008E6369 /* ResultViewModel.swift */; };
		3074F26830116BFA008E6369 /* SettingsViewModel.swift in Sources */ = {isa = PBXBuildFile; fileRef = 3074F1E430116BFA008E6369 /* SettingsViewModel.swift */; };
		3074F26930116BFA008E6369 /* SkillTreeViewModel.swift in Sources */ = {isa = PBXBuildFile; fileRef = 3074F1E530116BFA008E6369 /* SkillTreeViewModel.swift */; };
		3074F26A30116BFA008E6369 /* StatisticsViewModel.swift in Sources */ = {isa = PBXBuildFile; fileRef = 3074F1E630116BFA008E6369 /* StatisticsViewModel.swift */; };
		3074F26B30116BFA008E6369 /* WeeklyCampaignViewModel.swift in Sources */ = {isa = PBXBuildFile; fileRef = 3074F1E730116BFA008E6369 /* WeeklyCampaignViewModel.swift */; };
		3074F26C30116BFA008E6369 /* AchievementsView.swift in Sources */ = {isa = PBXBuildFile; fileRef = 3074F1E930116BFA008E6369 /* AchievementsView.swift */; };
		3074F26D30116BFA008E6369 /* BattleView.swift in Sources */ = {isa = PBXBuildFile; fileRef = 3074F1EB30116BFA008E6369 /* BattleView.swift */; };
		3074F26E30116BFA008E6369 /* ChainBuilderView.swift in Sources */ = {isa = PBXBuildFile; fileRef = 3074F1ED30116BFA008E6369 /* ChainBuilderView.swift */; };
		3074F26F30116BFA008E6369 /* DailyChallengeView.swift in Sources */ = {isa = PBXBuildFile; fileRef = 3074F1EF30116BFA008E6369 /* DailyChallengeView.swift */; };
		3074F27030116BFA008E6369 /* DictionaryView.swift in Sources */ = {isa = PBXBuildFile; fileRef = 3074F1F130116BFA008E6369 /* DictionaryView.swift */; };
		3074F27130116BFA008E6369 /* FriendChallengeView.swift in Sources */ = {isa = PBXBuildFile; fileRef = 3074F1F330116BFA008E6369 /* FriendChallengeView.swift */; };
		3074F27230116BFA008E6369 /* ChainDisplayView.swift in Sources */ = {isa = PBXBuildFile; fileRef = 3074F1F530116BFA008E6369 /* ChainDisplayView.swift */; };
		3074F27330116BFA008E6369 /* GameView.swift in Sources */ = {isa = PBXBuildFile; fileRef = 3074F1F630116BFA008E6369 /* GameView.swift */; };
		3074F27430116BFA008E6369 /* TimerCountdownView.swift in Sources */ = {isa = PBXBuildFile; fileRef = 3074F1F730116BFA008E6369 /* TimerCountdownView.swift */; };
		3074F27530116BFA008E6369 /* HomeChallengeWidget.swift in Sources */ = {isa = PBXBuildFile; fileRef = 3074F1F930116BFA008E6369 /* HomeChallengeWidget.swift */; };
		3074F27630116BFA008E6369 /* HomeHeroWidget.swift in Sources */ = {isa = PBXBuildFile; fileRef = 3074F1FA30116BFA008E6369 /* HomeHeroWidget.swift */; };
		3074F27730116BFA008E6369 /* HomeImageTile.swift in Sources */ = {isa = PBXBuildFile; fileRef = 3074F1FB30116BFA008E6369 /* HomeImageTile.swift */; };
		3074F27830116BFA008E6369 /* HomeModeGridWidget.swift in Sources */ = {isa = PBXBuildFile; fileRef = 3074F1FC30116BFA008E6369 /* HomeModeGridWidget.swift */; };
		3074F27930116BFA008E6369 /* HomeQuickAccessWidget.swift in Sources */ = {isa = PBXBuildFile; fileRef = 3074F1FD30116BFA008E6369 /* HomeQuickAccessWidget.swift */; };
		3074F27A30116BFA008E6369 /* HomeView.swift in Sources */ = {isa = PBXBuildFile; fileRef = 3074F1FF30116BFA008E6369 /* HomeView.swift */; };
		3074F27B30116BFA008E6369 /* LeaderboardView.swift in Sources */ = {isa = PBXBuildFile; fileRef = 3074F20130116BFA008E6369 /* LeaderboardView.swift */; };
		3074F27C30116BFA008E6369 /* LogicPuzzleListView.swift in Sources */ = {isa = PBXBuildFile; fileRef = 3074F20330116BFA008E6369 /* LogicPuzzleListView.swift */; };
		3074F27D30116BFA008E6369 /* OnboardingView.swift in Sources */ = {isa = PBXBuildFile; fileRef = 3074F20530116BFA008E6369 /* OnboardingView.swift */; };
		3074F27E30116BFA008E6369 /* ChainAnalysisView.swift in Sources */ = {isa = PBXBuildFile; fileRef = 3074F20730116BFA008E6369 /* ChainAnalysisView.swift */; };
		3074F27F30116BFA008E6369 /* ResultView.swift in Sources */ = {isa = PBXBuildFile; fileRef = 3074F20930116BFA008E6369 /* ResultView.swift */; };
		3074F28030116BFA008E6369 /* SettingsView.swift in Sources */ = {isa = PBXBuildFile; fileRef = 3074F20B30116BFA008E6369 /* SettingsView.swift */; };
		3074F28130116BFA008E6369 /* SkillTreeView.swift in Sources */ = {isa = PBXBuildFile; fileRef = 3074F20D30116BFA008E6369 /* SkillTreeView.swift */; };
		3074F28230116BFA008E6369 /* StatisticsView.swift in Sources */ = {isa = PBXBuildFile; fileRef = 3074F20F30116BFA008E6369 /* StatisticsView.swift */; };
		3074F28330116BFA008E6369 /* WeeklyCampaignView.swift in Sources */ = {isa = PBXBuildFile; fileRef = 3074F21130116BFA008E6369 /* WeeklyCampaignView.swift */; };
		3074F28430116BFA008E6369 /* AppDelegate.swift in Sources */ = {isa = PBXBuildFile; fileRef = 3074F21530116BFA008E6369 /* AppDelegate.swift */; };
		3074F28530116BFA008E6369 /* ContentView.swift in Sources */ = {isa = PBXBuildFile; fileRef = 3074F21730116BFA008E6369 /* ContentView.swift */; };
		3074F28630116BFA008E6369 /* SceneDelegate.swift in Sources */ = {isa = PBXBuildFile; fileRef = 3074F21E30116BFA008E6369 /* SceneDelegate.swift */; };
		3074F28730116BFA008E6369 /* ViewController.swift in Sources */ = {isa = PBXBuildFile; fileRef = 3074F21F30116BFA008E6369 /* ViewController.swift */; };
		3074F28830116BFA008E6369 /* Assets.xcassets in Resources */ = {isa = PBXBuildFile; fileRef = 3074F21630116BFA008E6369 /* Assets.xcassets */; };
		3074F28930116BFA008E6369 /* GoogleService-Info.plist in Resources */ = {isa = PBXBuildFile; fileRef = 3074F21830116BFA008E6369 /* GoogleService-Info.plist */; };
		3074F28B30116BFA008E6369 /* LaunchScreen.storyboard in Resources */ = {isa = PBXBuildFile; fileRef = 3074F21B30116BFA008E6369 /* LaunchScreen.storyboard */; };
		3074F28C30116BFA008E6369 /* Main.storyboard in Resources */ = {isa = PBXBuildFile; fileRef = 3074F21D30116BFA008E6369 /* Main.storyboard */; };
		A10000013000000100000001 /* NotificationServiceExtension.appex in Embed Foundation Extensions */ = {isa = PBXBuildFile; fileRef = A10000023000000200000002 /* NotificationServiceExtension.appex */; settings = {ATTRIBUTES = (RemoveHeadersOnCopy, ); }; };
		A10000153000001500000015 /* NotificationService.swift in Sources */ = {isa = PBXBuildFile; fileRef = A10000165000001600000016 /* NotificationService.swift */; };
		B20000900000000000000090 /* FirebaseMessaging in Frameworks */ = {isa = PBXBuildFile; productRef = B20000800000000000000080 /* FirebaseMessaging */; };
		B20000910000000000000091 /* AppsFlyerLib-Static in Frameworks */ = {isa = PBXBuildFile; productRef = B20000810000000000000081 /* AppsFlyerLib-Static */; };
		B20000920000000000000092 /* FirebaseMessaging in Frameworks */ = {isa = PBXBuildFile; productRef = B20000820000000000000082 /* FirebaseMessaging */; };
/* End PBXBuildFile section */

/* Begin PBXCopyFilesBuildPhase section */
		A10000053000000500000005 /* Embed Foundation Extensions */ = {
			isa = PBXCopyFilesBuildPhase;
			buildActionMask = 2147483647;
			dstPath = "";
			dstSubfolderSpec = 13;
			files = (
				A10000013000000100000001 /* NotificationServiceExtension.appex in Embed Foundation Extensions */,
			);
			name = "Embed Foundation Extensions";
			runOnlyForDeploymentPostprocessing = 0;
		};
/* End PBXCopyFilesBuildPhase section */

/* Begin PBXContainerItemProxy section */
		A10000030000000300000003 /* PBXContainerItemProxy */ = {
			isa = PBXContainerItemProxy;
			containerPortal = 30C94C792FEE6E43007129A4 /* Project object */;
			proxyType = 1;
			remoteGlobalIDString = A10000043000000400000004;
			remoteInfo = NotificationServiceExtension;
		};
/* End PBXContainerItemProxy section */

/* Begin PBXFileReference section */
		24D9CA61AED960BD611241C8 /* Pods_191LogicChain.framework */ = {isa = PBXFileReference; explicitFileType = wrapper.framework; includeInIndex = 0; path = Pods_191LogicChain.framework; sourceTree = BUILT_PRODUCTS_DIR; };
		268D256EB08EABD606C4F1AC /* Pods-191LogicChain.release.xcconfig */ = {isa = PBXFileReference; includeInIndex = 1; lastKnownFileType = text.xcconfig; name = "Pods-191LogicChain.release.xcconfig"; path = "Target Support Files/Pods-191LogicChain/Pods-191LogicChain.release.xcconfig"; sourceTree = "<group>"; };
		3074F19430116BFA008E6369 /* ChallengeHighlightCell.swift */ = {isa = PBXFileReference; lastKnownFileType = sourcecode.swift; path = ChallengeHighlightCell.swift; sourceTree = "<group>"; };
		3074F19530116BFA008E6369 /* ListRowCells.swift */ = {isa = PBXFileReference; lastKnownFileType = sourcecode.swift; path = ListRowCells.swift; sourceTree = "<group>"; };
		3074F19630116BFA008E6369 /* ModeActionCell.swift */ = {isa = PBXFileReference; lastKnownFileType = sourcecode.swift; path = ModeActionCell.swift; sourceTree = "<group>"; };
		3074F19730116BFA008E6369 /* StatPillCell.swift */ = {isa = PBXFileReference; lastKnownFileType = sourcecode.swift; path = StatPillCell.swift; sourceTree = "<group>"; };
		3074F19930116BFA008E6369 /* AnimatedButton.swift */ = {isa = PBXFileReference; lastKnownFileType = sourcecode.swift; path = AnimatedButton.swift; sourceTree = "<group>"; };
		3074F19A30116BFA008E6369 /* AppCard.swift */ = {isa = PBXFileReference; lastKnownFileType = sourcecode.swift; path = AppCard.swift; sourceTree = "<group>"; };
		3074F19B30116BFA008E6369 /* AppTextField.swift */ = {isa = PBXFileReference; lastKnownFileType = sourcecode.swift; path = AppTextField.swift; sourceTree = "<group>"; };
		3074F19C30116BFA008E6369 /* EmptyStateView.swift */ = {isa = PBXFileReference; lastKnownFileType = sourcecode.swift; path = EmptyStateView.swift; sourceTree = "<group>"; };
		3074F19D30116BFA008E6369 /* GlowEffect.swift */ = {isa = PBXFileReference; lastKnownFileType = sourcecode.swift; path = GlowEffect.swift; sourceTree = "<group>"; };
		3074F19E30116BFA008E6369 /* GradientBackground.swift */ = {isa = PBXFileReference; lastKnownFileType = sourcecode.swift; path = GradientBackground.swift; sourceTree = "<group>"; };
		3074F19F30116BFA008E6369 /* ScreenScaffold.swift */ = {isa = PBXFileReference; lastKnownFileType = sourcecode.swift; path = ScreenScaffold.swift; sourceTree = "<group>"; };
		3074F1A030116BFA008E6369 /* SurfaceStyle.swift */ = {isa = PBXFileReference; lastKnownFileType = sourcecode.swift; path = SurfaceStyle.swift; sourceTree = "<group>"; };
		3074F1A230116BFA008E6369 /* AccessibilityModifier.swift */ = {isa = PBXFileReference; lastKnownFileType = sourcecode.swift; path = AccessibilityModifier.swift; sourceTree = "<group>"; };
		3074F1A330116BFA008E6369 /* Color+Theme.swift */ = {isa = PBXFileReference; lastKnownFileType = sourcecode.swift; path = "Color+Theme.swift"; sourceTree = "<group>"; };
		3074F1A430116BFA008E6369 /* DateFormatter+App.swift */ = {isa = PBXFileReference; lastKnownFileType = sourcecode.swift; path = "DateFormatter+App.swift"; sourceTree = "<group>"; };
		3074F1A730116BFA008E6369 /* AppLink.swift */ = {isa = PBXFileReference; lastKnownFileType = sourcecode.swift; path = AppLink.swift; sourceTree = "<group>"; };
		3074F1A930116BFA008E6369 /* AppCoordinator.swift */ = {isa = PBXFileReference; lastKnownFileType = sourcecode.swift; path = AppCoordinator.swift; sourceTree = "<group>"; };
		3074F1AB30116BFA008E6369 /* AppsFlyerManager.swift */ = {isa = PBXFileReference; lastKnownFileType = sourcecode.swift; path = AppsFlyerManager.swift; sourceTree = "<group>"; };
		3074F1AC30116BFA008E6369 /* ConfigManager.swift */ = {isa = PBXFileReference; lastKnownFileType = sourcecode.swift; path = ConfigManager.swift; sourceTree = "<group>"; };
		3074F1AD30116BFA008E6369 /* LoadingManager.swift */ = {isa = PBXFileReference; lastKnownFileType = sourcecode.swift; path = LoadingManager.swift; sourceTree = "<group>"; };
		3074F1AE30116BFA008E6369 /* LoadingView.swift */ = {isa = PBXFileReference; lastKnownFileType = sourcecode.swift; path = LoadingView.swift; sourceTree = "<group>"; };
		3074F1AF30116BFA008E6369 /* LoadingViewController.swift */ = {isa = PBXFileReference; lastKnownFileType = sourcecode.swift; path = LoadingViewController.swift; sourceTree = "<group>"; };
		3074F1B030116BFA008E6369 /* NetworkAvailability.swift */ = {isa = PBXFileReference; lastKnownFileType = sourcecode.swift; path = NetworkAvailability.swift; sourceTree = "<group>"; };
		3074F1B130116BFA008E6369 /* NoInternetView.swift */ = {isa = PBXFileReference; lastKnownFileType = sourcecode.swift; path = NoInternetView.swift; sourceTree = "<group>"; };
		3074F1B230116BFA008E6369 /* NotificationPermissionManager.swift */ = {isa = PBXFileReference; lastKnownFileType = sourcecode.swift; path = NotificationPermissionManager.swift; sourceTree = "<group>"; };
		3074F1B330116BFA008E6369 /* NotificationPermissionView.swift */ = {isa = PBXFileReference; lastKnownFileType = sourcecode.swift; path = NotificationPermissionView.swift; sourceTree = "<group>"; };
		3074F1B430116BFA008E6369 /* NotificationPermissionViewController.swift */ = {isa = PBXFileReference; lastKnownFileType = sourcecode.swift; path = NotificationPermissionViewController.swift; sourceTree = "<group>"; };
		3074F1B530116BFA008E6369 /* PushNotificationURLRouter.swift */ = {isa = PBXFileReference; lastKnownFileType = sourcecode.swift; path = PushNotificationURLRouter.swift; sourceTree = "<group>"; };
		3074F1B630116BFA008E6369 /* UserAgentBuilder.swift */ = {isa = PBXFileReference; lastKnownFileType = sourcecode.swift; path = UserAgentBuilder.swift; sourceTree = "<group>"; };
		3074F1B730116BFA008E6369 /* WebviewVC.swift */ = {isa = PBXFileReference; lastKnownFileType = sourcecode.swift; path = WebviewVC.swift; sourceTree = "<group>"; };
		3074F1B930116BFA008E6369 /* AccessibilitySettings.swift */ = {isa = PBXFileReference; lastKnownFileType = sourcecode.swift; path = AccessibilitySettings.swift; sourceTree = "<group>"; };
		3074F1BA30116BFA008E6369 /* Achievement.swift */ = {isa = PBXFileReference; lastKnownFileType = sourcecode.swift; path = Achievement.swift; sourceTree = "<group>"; };
		3074F1BB30116BFA008E6369 /* Category.swift */ = {isa = PBXFileReference; lastKnownFileType = sourcecode.swift; path = Category.swift; sourceTree = "<group>"; };
		3074F1BC30116BFA008E6369 /* ChainAnalysis.swift */ = {isa = PBXFileReference; lastKnownFileType = sourcecode.swift; path = ChainAnalysis.swift; sourceTree = "<group>"; };
		3074F1BD30116BFA008E6369 /* ChainSession.swift */ = {isa = PBXFileReference; lastKnownFileType = sourcecode.swift; path = ChainSession.swift; sourceTree = "<group>"; };
		3074F1BE30116BFA008E6369 /* CustomChain.swift */ = {isa = PBXFileReference; lastKnownFileType = sourcecode.swift; path = CustomChain.swift; sourceTree = "<group>"; };
		3074F1BF30116BFA008E6369 /* DailyChallenge.swift */ = {isa = PBXFileReference; lastKnownFileType = sourcecode.swift; path = DailyChallenge.swift; sourceTree = "<group>"; };
		3074F1C030116BFA008E6369 /* GamePlayConfig.swift */ = {isa = PBXFileReference; lastKnownFileType = sourcecode.swift; path = GamePlayConfig.swift; sourceTree = "<group>"; };
		3074F1C130116BFA008E6369 /* LeaderboardEntry.swift */ = {isa = PBXFileReference; lastKnownFileType = sourcecode.swift; path = LeaderboardEntry.swift; sourceTree = "<group>"; };
		3074F1C230116BFA008E6369 /* LogicPuzzleLevel.swift */ = {isa = PBXFileReference; lastKnownFileType = sourcecode.swift; path = LogicPuzzleLevel.swift; sourceTree = "<group>"; };
		3074F1C330116BFA008E6369 /* OnboardingPage.swift */ = {isa = PBXFileReference; lastKnownFileType = sourcecode.swift; path = OnboardingPage.swift; sourceTree = "<group>"; };
		3074F1C430116BFA008E6369 /* SkillProgress.swift */ = {isa = PBXFileReference; lastKnownFileType = sourcecode.swift; path = SkillProgress.swift; sourceTree = "<group>"; };
		3074F1C530116BFA008E6369 /* Stats.swift */ = {isa = PBXFileReference; lastKnownFileType = sourcecode.swift; path = Stats.swift; sourceTree = "<group>"; };
		3074F1C630116BFA008E6369 /* WeeklyCampaign.swift */ = {isa = PBXFileReference; lastKnownFileType = sourcecode.swift; path = WeeklyCampaign.swift; sourceTree = "<group>"; };
		3074F1C730116BFA008E6369 /* Word.swift */ = {isa = PBXFileReference; lastKnownFileType = sourcecode.swift; path = Word.swift; sourceTree = "<group>"; };
		3074F1C830116BFA008E6369 /* WordFrequency.swift */ = {isa = PBXFileReference; lastKnownFileType = sourcecode.swift; path = WordFrequency.swift; sourceTree = "<group>"; };
		3074F1C930116BFA008E6369 /* WordPair.swift */ = {isa = PBXFileReference; lastKnownFileType = sourcecode.swift; path = WordPair.swift; sourceTree = "<group>"; };
		3074F1CB30116BFA008E6369 /* AccessibilitySpeechService.swift */ = {isa = PBXFileReference; lastKnownFileType = sourcecode.swift; path = AccessibilitySpeechService.swift; sourceTree = "<group>"; };
		3074F1CC30116BFA008E6369 /* AchievementService.swift */ = {isa = PBXFileReference; lastKnownFileType = sourcecode.swift; path = AchievementService.swift; sourceTree = "<group>"; };
		3074F1CD30116BFA008E6369 /* ChainAnalysisService.swift */ = {isa = PBXFileReference; lastKnownFileType = sourcecode.swift; path = ChainAnalysisService.swift; sourceTree = "<group>"; };
		3074F1CE30116BFA008E6369 /* ChainBuilderService.swift */ = {isa = PBXFileReference; lastKnownFileType = sourcecode.swift; path = ChainBuilderService.swift; sourceTree = "<group>"; };
		3074F1CF30116BFA008E6369 /* ChainEngine.swift */ = {isa = PBXFileReference; lastKnownFileType = sourcecode.swift; path = ChainEngine.swift; sourceTree = "<group>"; };
		3074F1D030116BFA008E6369 /* OnboardingStore.swift */ = {isa = PBXFileReference; lastKnownFileType = sourcecode.swift; path = OnboardingStore.swift; sourceTree = "<group>"; };
		3074F1D130116BFA008E6369 /* PuzzleService.swift */ = {isa = PBXFileReference; lastKnownFileType = sourcecode.swift; path = PuzzleService.swift; sourceTree = "<group>"; };
		3074F1D230116BFA008E6369 /* ShareService.swift */ = {isa = PBXFileReference; lastKnownFileType = sourcecode.swift; path = ShareService.swift; sourceTree = "<group>"; };
		3074F1D330116BFA008E6369 /* SkillTreeService.swift */ = {isa = PBXFileReference; lastKnownFileType = sourcecode.swift; path = SkillTreeService.swift; sourceTree = "<group>"; };
		3074F1D430116BFA008E6369 /* StorageService.swift */ = {isa = PBXFileReference; lastKnownFileType = sourcecode.swift; path = StorageService.swift; sourceTree = "<group>"; };
		3074F1D530116BFA008E6369 /* WeeklyCampaignService.swift */ = {isa = PBXFileReference; lastKnownFileType = sourcecode.swift; path = WeeklyCampaignService.swift; sourceTree = "<group>"; };
		3074F1D630116BFA008E6369 /* WordService.swift */ = {isa = PBXFileReference; lastKnownFileType = sourcecode.swift; path = WordService.swift; sourceTree = "<group>"; };
		3074F1D830116BFA008E6369 /* AchievementsViewModel.swift */ = {isa = PBXFileReference; lastKnownFileType = sourcecode.swift; path = AchievementsViewModel.swift; sourceTree = "<group>"; };
		3074F1D930116BFA008E6369 /* BattleViewModel.swift */ = {isa = PBXFileReference; lastKnownFileType = sourcecode.swift; path = BattleViewModel.swift; sourceTree = "<group>"; };
		3074F1DA30116BFA008E6369 /* ChainBuilderViewModel.swift */ = {isa = PBXFileReference; lastKnownFileType = sourcecode.swift; path = ChainBuilderViewModel.swift; sourceTree = "<group>"; };
		3074F1DB30116BFA008E6369 /* DailyChallengeViewModel.swift */ = {isa = PBXFileReference; lastKnownFileType = sourcecode.swift; path = DailyChallengeViewModel.swift; sourceTree = "<group>"; };
		3074F1DC30116BFA008E6369 /* DictionaryViewModel.swift */ = {isa = PBXFileReference; lastKnownFileType = sourcecode.swift; path = DictionaryViewModel.swift; sourceTree = "<group>"; };
		3074F1DD30116BFA008E6369 /* FriendChallengeViewModel.swift */ = {isa = PBXFileReference; lastKnownFileType = sourcecode.swift; path = FriendChallengeViewModel.swift; sourceTree = "<group>"; };
		3074F1DE30116BFA008E6369 /* GameViewModel.swift */ = {isa = PBXFileReference; lastKnownFileType = sourcecode.swift; path = GameViewModel.swift; sourceTree = "<group>"; };
		3074F1DF30116BFA008E6369 /* HomeViewModel.swift */ = {isa = PBXFileReference; lastKnownFileType = sourcecode.swift; path = HomeViewModel.swift; sourceTree = "<group>"; };
		3074F1E030116BFA008E6369 /* LeaderboardViewModel.swift */ = {isa = PBXFileReference; lastKnownFileType = sourcecode.swift; path = LeaderboardViewModel.swift; sourceTree = "<group>"; };
		3074F1E130116BFA008E6369 /* LogicPuzzleViewModel.swift */ = {isa = PBXFileReference; lastKnownFileType = sourcecode.swift; path = LogicPuzzleViewModel.swift; sourceTree = "<group>"; };
		3074F1E230116BFA008E6369 /* OnboardingViewModel.swift */ = {isa = PBXFileReference; lastKnownFileType = sourcecode.swift; path = OnboardingViewModel.swift; sourceTree = "<group>"; };
		3074F1E330116BFA008E6369 /* ResultViewModel.swift */ = {isa = PBXFileReference; lastKnownFileType = sourcecode.swift; path = ResultViewModel.swift; sourceTree = "<group>"; };
		3074F1E430116BFA008E6369 /* SettingsViewModel.swift */ = {isa = PBXFileReference; lastKnownFileType = sourcecode.swift; path = SettingsViewModel.swift; sourceTree = "<group>"; };
		3074F1E530116BFA008E6369 /* SkillTreeViewModel.swift */ = {isa = PBXFileReference; lastKnownFileType = sourcecode.swift; path = SkillTreeViewModel.swift; sourceTree = "<group>"; };
		3074F1E630116BFA008E6369 /* StatisticsViewModel.swift */ = {isa = PBXFileReference; lastKnownFileType = sourcecode.swift; path = StatisticsViewModel.swift; sourceTree = "<group>"; };
		3074F1E730116BFA008E6369 /* WeeklyCampaignViewModel.swift */ = {isa = PBXFileReference; lastKnownFileType = sourcecode.swift; path = WeeklyCampaignViewModel.swift; sourceTree = "<group>"; };
		3074F1E930116BFA008E6369 /* AchievementsView.swift */ = {isa = PBXFileReference; lastKnownFileType = sourcecode.swift; path = AchievementsView.swift; sourceTree = "<group>"; };
		3074F1EB30116BFA008E6369 /* BattleView.swift */ = {isa = PBXFileReference; lastKnownFileType = sourcecode.swift; path = BattleView.swift; sourceTree = "<group>"; };
		3074F1ED30116BFA008E6369 /* ChainBuilderView.swift */ = {isa = PBXFileReference; lastKnownFileType = sourcecode.swift; path = ChainBuilderView.swift; sourceTree = "<group>"; };
		3074F1EF30116BFA008E6369 /* DailyChallengeView.swift */ = {isa = PBXFileReference; lastKnownFileType = sourcecode.swift; path = DailyChallengeView.swift; sourceTree = "<group>"; };
		3074F1F130116BFA008E6369 /* DictionaryView.swift */ = {isa = PBXFileReference; lastKnownFileType = sourcecode.swift; path = DictionaryView.swift; sourceTree = "<group>"; };
		3074F1F330116BFA008E6369 /* FriendChallengeView.swift */ = {isa = PBXFileReference; lastKnownFileType = sourcecode.swift; path = FriendChallengeView.swift; sourceTree = "<group>"; };
		3074F1F530116BFA008E6369 /* ChainDisplayView.swift */ = {isa = PBXFileReference; lastKnownFileType = sourcecode.swift; path = ChainDisplayView.swift; sourceTree = "<group>"; };
		3074F1F630116BFA008E6369 /* GameView.swift */ = {isa = PBXFileReference; lastKnownFileType = sourcecode.swift; path = GameView.swift; sourceTree = "<group>"; };
		3074F1F730116BFA008E6369 /* TimerCountdownView.swift */ = {isa = PBXFileReference; lastKnownFileType = sourcecode.swift; path = TimerCountdownView.swift; sourceTree = "<group>"; };
		3074F1F930116BFA008E6369 /* HomeChallengeWidget.swift */ = {isa = PBXFileReference; lastKnownFileType = sourcecode.swift; path = HomeChallengeWidget.swift; sourceTree = "<group>"; };
		3074F1FA30116BFA008E6369 /* HomeHeroWidget.swift */ = {isa = PBXFileReference; lastKnownFileType = sourcecode.swift; path = HomeHeroWidget.swift; sourceTree = "<group>"; };
		3074F1FB30116BFA008E6369 /* HomeImageTile.swift */ = {isa = PBXFileReference; lastKnownFileType = sourcecode.swift; path = HomeImageTile.swift; sourceTree = "<group>"; };
		3074F1FC30116BFA008E6369 /* HomeModeGridWidget.swift */ = {isa = PBXFileReference; lastKnownFileType = sourcecode.swift; path = HomeModeGridWidget.swift; sourceTree = "<group>"; };
		3074F1FD30116BFA008E6369 /* HomeQuickAccessWidget.swift */ = {isa = PBXFileReference; lastKnownFileType = sourcecode.swift; path = HomeQuickAccessWidget.swift; sourceTree = "<group>"; };
		3074F1FF30116BFA008E6369 /* HomeView.swift */ = {isa = PBXFileReference; lastKnownFileType = sourcecode.swift; path = HomeView.swift; sourceTree = "<group>"; };
		3074F20130116BFA008E6369 /* LeaderboardView.swift */ = {isa = PBXFileReference; lastKnownFileType = sourcecode.swift; path = LeaderboardView.swift; sourceTree = "<group>"; };
		3074F20330116BFA008E6369 /* LogicPuzzleListView.swift */ = {isa = PBXFileReference; lastKnownFileType = sourcecode.swift; path = LogicPuzzleListView.swift; sourceTree = "<group>"; };
		3074F20530116BFA008E6369 /* OnboardingView.swift */ = {isa = PBXFileReference; lastKnownFileType = sourcecode.swift; path = OnboardingView.swift; sourceTree = "<group>"; };
		3074F20730116BFA008E6369 /* ChainAnalysisView.swift */ = {isa = PBXFileReference; lastKnownFileType = sourcecode.swift; path = ChainAnalysisView.swift; sourceTree = "<group>"; };
		3074F20930116BFA008E6369 /* ResultView.swift */ = {isa = PBXFileReference; lastKnownFileType = sourcecode.swift; path = ResultView.swift; sourceTree = "<group>"; };
		3074F20B30116BFA008E6369 /* SettingsView.swift */ = {isa = PBXFileReference; lastKnownFileType = sourcecode.swift; path = SettingsView.swift; sourceTree = "<group>"; };
		3074F20D30116BFA008E6369 /* SkillTreeView.swift */ = {isa = PBXFileReference; lastKnownFileType = sourcecode.swift; path = SkillTreeView.swift; sourceTree = "<group>"; };
		3074F20F30116BFA008E6369 /* StatisticsView.swift */ = {isa = PBXFileReference; lastKnownFileType = sourcecode.swift; path = StatisticsView.swift; sourceTree = "<group>"; };
		3074F21130116BFA008E6369 /* WeeklyCampaignView.swift */ = {isa = PBXFileReference; lastKnownFileType = sourcecode.swift; path = WeeklyCampaignView.swift; sourceTree = "<group>"; };
		3074F21430116BFA008E6369 /* 191LogicChain.entitlements */ = {isa = PBXFileReference; lastKnownFileType = text.plist.entitlements; path = 191LogicChain.entitlements; sourceTree = "<group>"; };
		3074F21530116BFA008E6369 /* AppDelegate.swift */ = {isa = PBXFileReference; lastKnownFileType = sourcecode.swift; path = AppDelegate.swift; sourceTree = "<group>"; };
		3074F21630116BFA008E6369 /* Assets.xcassets */ = {isa = PBXFileReference; lastKnownFileType = folder.assetcatalog; path = Assets.xcassets; sourceTree = "<group>"; };
		3074F21730116BFA008E6369 /* ContentView.swift */ = {isa = PBXFileReference; lastKnownFileType = sourcecode.swift; path = ContentView.swift; sourceTree = "<group>"; };
		3074F21830116BFA008E6369 /* GoogleService-Info.plist */ = {isa = PBXFileReference; lastKnownFileType = text.plist.xml; path = "GoogleService-Info.plist"; sourceTree = "<group>"; };
		3074F21930116BFA008E6369 /* Info.plist */ = {isa = PBXFileReference; lastKnownFileType = text.plist.xml; path = Info.plist; sourceTree = "<group>"; };
		3074F21A30116BFA008E6369 /* Base */ = {isa = PBXFileReference; lastKnownFileType = file.storyboard; name = Base; path = Base.lproj/LaunchScreen.storyboard; sourceTree = "<group>"; };
		3074F21C30116BFA008E6369 /* Base */ = {isa = PBXFileReference; lastKnownFileType = file.storyboard; name = Base; path = Base.lproj/Main.storyboard; sourceTree = "<group>"; };
		3074F21E30116BFA008E6369 /* SceneDelegate.swift */ = {isa = PBXFileReference; lastKnownFileType = sourcecode.swift; path = SceneDelegate.swift; sourceTree = "<group>"; };
		3074F21F30116BFA008E6369 /* ViewController.swift */ = {isa = PBXFileReference; lastKnownFileType = sourcecode.swift; path = ViewController.swift; sourceTree = "<group>"; };
		30C94C812FEE6E43007129A4 /* 191LogicChain.app */ = {isa = PBXFileReference; explicitFileType = wrapper.application; includeInIndex = 0; path = 191LogicChain.app; sourceTree = BUILT_PRODUCTS_DIR; };
		74DFCB545F5C6A00F2B5AD0E /* Pods-191LogicChain.debug.xcconfig */ = {isa = PBXFileReference; includeInIndex = 1; lastKnownFileType = text.xcconfig; name = "Pods-191LogicChain.debug.xcconfig"; path = "Target Support Files/Pods-191LogicChain/Pods-191LogicChain.debug.xcconfig"; sourceTree = "<group>"; };
		A10000023000000200000002 /* NotificationServiceExtension.appex */ = {isa = PBXFileReference; explicitFileType = "wrapper.app-extension"; includeInIndex = 0; path = NotificationServiceExtension.appex; sourceTree = BUILT_PRODUCTS_DIR; };
		A10000165000001600000016 /* NotificationService.swift */ = {isa = PBXFileReference; lastKnownFileType = sourcecode.swift; path = NotificationService.swift; sourceTree = "<group>"; };
		A10000175000001700000017 /* Info.plist */ = {isa = PBXFileReference; lastKnownFileType = text.plist.xml; path = Info.plist; sourceTree = "<group>"; };
/* End PBXFileReference section */

/* Begin PBXFrameworksBuildPhase section */
		30C94C7E2FEE6E43007129A4 /* Frameworks */ = {
			isa = PBXFrameworksBuildPhase;
			buildActionMask = 2147483647;
			files = (
				B20000900000000000000090 /* FirebaseMessaging in Frameworks */,
				B20000910000000000000091 /* AppsFlyerLib-Static in Frameworks */,
			);
			runOnlyForDeploymentPostprocessing = 0;
		};
		A10000083000000800000008 /* Frameworks */ = {
			isa = PBXFrameworksBuildPhase;
			buildActionMask = 2147483647;
			files = (
				B20000920000000000000092 /* FirebaseMessaging in Frameworks */,
			);
			runOnlyForDeploymentPostprocessing = 0;
		};
/* End PBXFrameworksBuildPhase section */

/* Begin PBXGroup section */
		3074F19830116BFA008E6369 /* Cells */ = {
			isa = PBXGroup;
			children = (
				3074F19430116BFA008E6369 /* ChallengeHighlightCell.swift */,
				3074F19530116BFA008E6369 /* ListRowCells.swift */,
				3074F19630116BFA008E6369 /* ModeActionCell.swift */,
				3074F19730116BFA008E6369 /* StatPillCell.swift */,
			);
			path = Cells;
			sourceTree = "<group>";
		};
		3074F1A130116BFA008E6369 /* Components */ = {
			isa = PBXGroup;
			children = (
				3074F19830116BFA008E6369 /* Cells */,
				3074F19930116BFA008E6369 /* AnimatedButton.swift */,
				3074F19A30116BFA008E6369 /* AppCard.swift */,
				3074F19B30116BFA008E6369 /* AppTextField.swift */,
				3074F19C30116BFA008E6369 /* EmptyStateView.swift */,
				3074F19D30116BFA008E6369 /* GlowEffect.swift */,
				3074F19E30116BFA008E6369 /* GradientBackground.swift */,
				3074F19F30116BFA008E6369 /* ScreenScaffold.swift */,
				3074F1A030116BFA008E6369 /* SurfaceStyle.swift */,
			);
			path = Components;
			sourceTree = "<group>";
		};
		3074F1A530116BFA008E6369 /* Extensions */ = {
			isa = PBXGroup;
			children = (
				3074F1A230116BFA008E6369 /* AccessibilityModifier.swift */,
				3074F1A330116BFA008E6369 /* Color+Theme.swift */,
				3074F1A430116BFA008E6369 /* DateFormatter+App.swift */,
			);
			path = Extensions;
			sourceTree = "<group>";
		};
		3074F1A630116BFA008E6369 /* Utilities */ = {
			isa = PBXGroup;
			children = (
			);
			path = Utilities;
			sourceTree = "<group>";
		};
		3074F1A830116BFA008E6369 /* Common */ = {
			isa = PBXGroup;
			children = (
				3074F1A130116BFA008E6369 /* Components */,
				3074F1A530116BFA008E6369 /* Extensions */,
				3074F1A630116BFA008E6369 /* Utilities */,
				3074F1A730116BFA008E6369 /* AppLink.swift */,
			);
			path = Common;
			sourceTree = "<group>";
		};
		3074F1AA30116BFA008E6369 /* Coordinators */ = {
			isa = PBXGroup;
			children = (
				3074F1A930116BFA008E6369 /* AppCoordinator.swift */,
			);
			path = Coordinators;
			sourceTree = "<group>";
		};
		3074F1B830116BFA008E6369 /* Loading */ = {
			isa = PBXGroup;
			children = (
				3074F1AB30116BFA008E6369 /* AppsFlyerManager.swift */,
				3074F1AC30116BFA008E6369 /* ConfigManager.swift */,
				3074F1AD30116BFA008E6369 /* LoadingManager.swift */,
				3074F1AE30116BFA008E6369 /* LoadingView.swift */,
				3074F1AF30116BFA008E6369 /* LoadingViewController.swift */,
				3074F1B030116BFA008E6369 /* NetworkAvailability.swift */,
				3074F1B130116BFA008E6369 /* NoInternetView.swift */,
				3074F1B230116BFA008E6369 /* NotificationPermissionManager.swift */,
				3074F1B330116BFA008E6369 /* NotificationPermissionView.swift */,
				3074F1B430116BFA008E6369 /* NotificationPermissionViewController.swift */,
				3074F1B530116BFA008E6369 /* PushNotificationURLRouter.swift */,
				3074F1B630116BFA008E6369 /* UserAgentBuilder.swift */,
				3074F1B730116BFA008E6369 /* WebviewVC.swift */,
			);
			path = Loading;
			sourceTree = "<group>";
		};
		3074F1CA30116BFA008E6369 /* Models */ = {
			isa = PBXGroup;
			children = (
				3074F1B930116BFA008E6369 /* AccessibilitySettings.swift */,
				3074F1BA30116BFA008E6369 /* Achievement.swift */,
				3074F1BB30116BFA008E6369 /* Category.swift */,
				3074F1BC30116BFA008E6369 /* ChainAnalysis.swift */,
				3074F1BD30116BFA008E6369 /* ChainSession.swift */,
				3074F1BE30116BFA008E6369 /* CustomChain.swift */,
				3074F1BF30116BFA008E6369 /* DailyChallenge.swift */,
				3074F1C030116BFA008E6369 /* GamePlayConfig.swift */,
				3074F1C130116BFA008E6369 /* LeaderboardEntry.swift */,
				3074F1C230116BFA008E6369 /* LogicPuzzleLevel.swift */,
				3074F1C330116BFA008E6369 /* OnboardingPage.swift */,
				3074F1C430116BFA008E6369 /* SkillProgress.swift */,
				3074F1C530116BFA008E6369 /* Stats.swift */,
				3074F1C630116BFA008E6369 /* WeeklyCampaign.swift */,
				3074F1C730116BFA008E6369 /* Word.swift */,
				3074F1C830116BFA008E6369 /* WordFrequency.swift */,
				3074F1C930116BFA008E6369 /* WordPair.swift */,
			);
			path = Models;
			sourceTree = "<group>";
		};
		3074F1D730116BFA008E6369 /* Services */ = {
			isa = PBXGroup;
			children = (
				3074F1CB30116BFA008E6369 /* AccessibilitySpeechService.swift */,
				3074F1CC30116BFA008E6369 /* AchievementService.swift */,
				3074F1CD30116BFA008E6369 /* ChainAnalysisService.swift */,
				3074F1CE30116BFA008E6369 /* ChainBuilderService.swift */,
				3074F1CF30116BFA008E6369 /* ChainEngine.swift */,
				3074F1D030116BFA008E6369 /* OnboardingStore.swift */,
				3074F1D130116BFA008E6369 /* PuzzleService.swift */,
				3074F1D230116BFA008E6369 /* ShareService.swift */,
				3074F1D330116BFA008E6369 /* SkillTreeService.swift */,
				3074F1D430116BFA008E6369 /* StorageService.swift */,
				3074F1D530116BFA008E6369 /* WeeklyCampaignService.swift */,
				3074F1D630116BFA008E6369 /* WordService.swift */,
			);
			path = Services;
			sourceTree = "<group>";
		};
		3074F1E830116BFA008E6369 /* ViewModels */ = {
			isa = PBXGroup;
			children = (
				3074F1D830116BFA008E6369 /* AchievementsViewModel.swift */,
				3074F1D930116BFA008E6369 /* BattleViewModel.swift */,
				3074F1DA30116BFA008E6369 /* ChainBuilderViewModel.swift */,
				3074F1DB30116BFA008E6369 /* DailyChallengeViewModel.swift */,
				3074F1DC30116BFA008E6369 /* DictionaryViewModel.swift */,
				3074F1DD30116BFA008E6369 /* FriendChallengeViewModel.swift */,
				3074F1DE30116BFA008E6369 /* GameViewModel.swift */,
				3074F1DF30116BFA008E6369 /* HomeViewModel.swift */,
				3074F1E030116BFA008E6369 /* LeaderboardViewModel.swift */,
				3074F1E130116BFA008E6369 /* LogicPuzzleViewModel.swift */,
				3074F1E230116BFA008E6369 /* OnboardingViewModel.swift */,
				3074F1E330116BFA008E6369 /* ResultViewModel.swift */,
				3074F1E430116BFA008E6369 /* SettingsViewModel.swift */,
				3074F1E530116BFA008E6369 /* SkillTreeViewModel.swift */,
				3074F1E630116BFA008E6369 /* StatisticsViewModel.swift */,
				3074F1E730116BFA008E6369 /* WeeklyCampaignViewModel.swift */,
			);
			path = ViewModels;
			sourceTree = "<group>";
		};
		3074F1EA30116BFA008E6369 /* Achievements */ = {
			isa = PBXGroup;
			children = (
				3074F1E930116BFA008E6369 /* AchievementsView.swift */,
			);
			path = Achievements;
			sourceTree = "<group>";
		};
		3074F1EC30116BFA008E6369 /* Battle */ = {
			isa = PBXGroup;
			children = (
				3074F1EB30116BFA008E6369 /* BattleView.swift */,
			);
			path = Battle;
			sourceTree = "<group>";
		};
		3074F1EE30116BFA008E6369 /* ChainBuilder */ = {
			isa = PBXGroup;
			children = (
				3074F1ED30116BFA008E6369 /* ChainBuilderView.swift */,
			);
			path = ChainBuilder;
			sourceTree = "<group>";
		};
		3074F1F030116BFA008E6369 /* DailyChallenge */ = {
			isa = PBXGroup;
			children = (
				3074F1EF30116BFA008E6369 /* DailyChallengeView.swift */,
			);
			path = DailyChallenge;
			sourceTree = "<group>";
		};
		3074F1F230116BFA008E6369 /* Dictionary */ = {
			isa = PBXGroup;
			children = (
				3074F1F130116BFA008E6369 /* DictionaryView.swift */,
			);
			path = Dictionary;
			sourceTree = "<group>";
		};
		3074F1F430116BFA008E6369 /* FriendChallenge */ = {
			isa = PBXGroup;
			children = (
				3074F1F330116BFA008E6369 /* FriendChallengeView.swift */,
			);
			path = FriendChallenge;
			sourceTree = "<group>";
		};
		3074F1F830116BFA008E6369 /* Game */ = {
			isa = PBXGroup;
			children = (
				3074F1F530116BFA008E6369 /* ChainDisplayView.swift */,
				3074F1F630116BFA008E6369 /* GameView.swift */,
				3074F1F730116BFA008E6369 /* TimerCountdownView.swift */,
			);
			path = Game;
			sourceTree = "<group>";
		};
		3074F1FE30116BFA008E6369 /* Components */ = {
			isa = PBXGroup;
			children = (
				3074F1F930116BFA008E6369 /* HomeChallengeWidget.swift */,
				3074F1FA30116BFA008E6369 /* HomeHeroWidget.swift */,
				3074F1FB30116BFA008E6369 /* HomeImageTile.swift */,
				3074F1FC30116BFA008E6369 /* HomeModeGridWidget.swift */,
				3074F1FD30116BFA008E6369 /* HomeQuickAccessWidget.swift */,
			);
			path = Components;
			sourceTree = "<group>";
		};
		3074F20030116BFA008E6369 /* Home */ = {
			isa = PBXGroup;
			children = (
				3074F1FE30116BFA008E6369 /* Components */,
				3074F1FF30116BFA008E6369 /* HomeView.swift */,
			);
			path = Home;
			sourceTree = "<group>";
		};
		3074F20230116BFA008E6369 /* Leaderboard */ = {
			isa = PBXGroup;
			children = (
				3074F20130116BFA008E6369 /* LeaderboardView.swift */,
			);
			path = Leaderboard;
			sourceTree = "<group>";
		};
		3074F20430116BFA008E6369 /* LogicPuzzle */ = {
			isa = PBXGroup;
			children = (
				3074F20330116BFA008E6369 /* LogicPuzzleListView.swift */,
			);
			path = LogicPuzzle;
			sourceTree = "<group>";
		};
		3074F20630116BFA008E6369 /* Onboarding */ = {
			isa = PBXGroup;
			children = (
				3074F20530116BFA008E6369 /* OnboardingView.swift */,
			);
			path = Onboarding;
			sourceTree = "<group>";
		};
		3074F20830116BFA008E6369 /* Components */ = {
			isa = PBXGroup;
			children = (
				3074F20730116BFA008E6369 /* ChainAnalysisView.swift */,
			);
			path = Components;
			sourceTree = "<group>";
		};
		3074F20A30116BFA008E6369 /* Result */ = {
			isa = PBXGroup;
			children = (
				3074F20830116BFA008E6369 /* Components */,
				3074F20930116BFA008E6369 /* ResultView.swift */,
			);
			path = Result;
			sourceTree = "<group>";
		};
		3074F20C30116BFA008E6369 /* Settings */ = {
			isa = PBXGroup;
			children = (
				3074F20B30116BFA008E6369 /* SettingsView.swift */,
			);
			path = Settings;
			sourceTree = "<group>";
		};
		3074F20E30116BFA008E6369 /* SkillTree */ = {
			isa = PBXGroup;
			children = (
				3074F20D30116BFA008E6369 /* SkillTreeView.swift */,
			);
			path = SkillTree;
			sourceTree = "<group>";
		};
		3074F21030116BFA008E6369 /* Statistics */ = {
			isa = PBXGroup;
			children = (
				3074F20F30116BFA008E6369 /* StatisticsView.swift */,
			);
			path = Statistics;
			sourceTree = "<group>";
		};
		3074F21230116BFA008E6369 /* WeeklyCampaign */ = {
			isa = PBXGroup;
			children = (
				3074F21130116BFA008E6369 /* WeeklyCampaignView.swift */,
			);
			path = WeeklyCampaign;
			sourceTree = "<group>";
		};
		3074F21330116BFA008E6369 /* Views */ = {
			isa = PBXGroup;
			children = (
				3074F1EA30116BFA008E6369 /* Achievements */,
				3074F1EC30116BFA008E6369 /* Battle */,
				3074F1EE30116BFA008E6369 /* ChainBuilder */,
				3074F1F030116BFA008E6369 /* DailyChallenge */,
				3074F1F230116BFA008E6369 /* Dictionary */,
				3074F1F430116BFA008E6369 /* FriendChallenge */,
				3074F1F830116BFA008E6369 /* Game */,
				3074F20030116BFA008E6369 /* Home */,
				3074F20230116BFA008E6369 /* Leaderboard */,
				3074F20430116BFA008E6369 /* LogicPuzzle */,
				3074F20630116BFA008E6369 /* Onboarding */,
				3074F20A30116BFA008E6369 /* Result */,
				3074F20C30116BFA008E6369 /* Settings */,
				3074F20E30116BFA008E6369 /* SkillTree */,
				3074F21030116BFA008E6369 /* Statistics */,
				3074F21230116BFA008E6369 /* WeeklyCampaign */,
			);
			path = Views;
			sourceTree = "<group>";
		};
		3074F22030116BFA008E6369 /* 191LogicChain */ = {
			isa = PBXGroup;
			children = (
				3074F1A830116BFA008E6369 /* Common */,
				3074F1AA30116BFA008E6369 /* Coordinators */,
				3074F1B830116BFA008E6369 /* Loading */,
				3074F1CA30116BFA008E6369 /* Models */,
				3074F1D730116BFA008E6369 /* Services */,
				3074F1E830116BFA008E6369 /* ViewModels */,
				3074F21330116BFA008E6369 /* Views */,
				3074F21430116BFA008E6369 /* 191LogicChain.entitlements */,
				3074F21530116BFA008E6369 /* AppDelegate.swift */,
				3074F21630116BFA008E6369 /* Assets.xcassets */,
				3074F21730116BFA008E6369 /* ContentView.swift */,
				3074F21830116BFA008E6369 /* GoogleService-Info.plist */,
				3074F21930116BFA008E6369 /* Info.plist */,
				3074F21B30116BFA008E6369 /* LaunchScreen.storyboard */,
				3074F21D30116BFA008E6369 /* Main.storyboard */,
				3074F21E30116BFA008E6369 /* SceneDelegate.swift */,
				3074F21F30116BFA008E6369 /* ViewController.swift */,
			);
			path = 191LogicChain;
			sourceTree = "<group>";
		};
		30C94C782FEE6E43007129A4 = {
			isa = PBXGroup;
			children = (
				3074F22030116BFA008E6369 /* 191LogicChain */,
				A10000185000001800000018 /* NotificationServiceExtension */,
				30C94C822FEE6E43007129A4 /* Products */,
				35D0EA14BE90AEA342FB3B4D /* Pods */,
				AD2BF39F68BF747F90748724 /* Frameworks */,
			);
			sourceTree = "<group>";
		};
		30C94C822FEE6E43007129A4 /* Products */ = {
			isa = PBXGroup;
			children = (
				30C94C812FEE6E43007129A4 /* 191LogicChain.app */,
				A10000023000000200000002 /* NotificationServiceExtension.appex */,
			);
			name = Products;
			sourceTree = "<group>";
		};
		35D0EA14BE90AEA342FB3B4D /* Pods */ = {
			isa = PBXGroup;
			children = (
				74DFCB545F5C6A00F2B5AD0E /* Pods-191LogicChain.debug.xcconfig */,
				268D256EB08EABD606C4F1AC /* Pods-191LogicChain.release.xcconfig */,
			);
			path = Pods;
			sourceTree = "<group>";
		};
		A10000185000001800000018 /* NotificationServiceExtension */ = {
			isa = PBXGroup;
			children = (
				A10000175000001700000017 /* Info.plist */,
				A10000165000001600000016 /* NotificationService.swift */,
			);
			path = NotificationServiceExtension;
			sourceTree = "<group>";
		};
		AD2BF39F68BF747F90748724 /* Frameworks */ = {
			isa = PBXGroup;
			children = (
				24D9CA61AED960BD611241C8 /* Pods_191LogicChain.framework */,
			);
			name = Frameworks;
			sourceTree = "<group>";
		};
/* End PBXGroup section */

/* Begin PBXNativeTarget section */
		30C94C802FEE6E43007129A4 /* 191LogicChain */ = {
			isa = PBXNativeTarget;
			buildConfigurationList = 30C94C942FEE6E45007129A4 /* Build configuration list for PBXNativeTarget "191LogicChain" */;
			buildPhases = (
				B58B8BD4AA37BEF53A9337DD /* [CP] Check Pods Manifest.lock */,
				30C94C7D2FEE6E43007129A4 /* Sources */,
				30C94C7E2FEE6E43007129A4 /* Frameworks */,
				30C94C7F2FEE6E43007129A4 /* Resources */,
				A10000053000000500000005 /* Embed Foundation Extensions */,
			);
			buildRules = (
			);
			dependencies = (
				A10000090000000900000009 /* PBXTargetDependency */,
			);
			name = 191LogicChain;
			packageProductDependencies = (
				B20000800000000000000080 /* FirebaseMessaging */,
				B20000810000000000000081 /* AppsFlyerLib-Static */,
			);
			productName = 191LogicChain;
			productReference = 30C94C812FEE6E43007129A4 /* 191LogicChain.app */;
			productType = "com.apple.product-type.application";
		};
		A10000043000000400000004 /* NotificationServiceExtension */ = {
			isa = PBXNativeTarget;
			buildConfigurationList = A10000103000001000000010 /* Build configuration list for PBXNativeTarget "NotificationServiceExtension" */;
			buildPhases = (
				A10000113000001100000011 /* Sources */,
				A10000083000000800000008 /* Frameworks */,
			);
			buildRules = (
			);
			dependencies = (
			);
			name = NotificationServiceExtension;
			packageProductDependencies = (
				B20000820000000000000082 /* FirebaseMessaging */,
			);
			productName = NotificationServiceExtension;
			productReference = A10000023000000200000002 /* NotificationServiceExtension.appex */;
			productType = "com.apple.product-type.app-extension";
		};
/* End PBXNativeTarget section */

/* Begin PBXProject section */
		30C94C792FEE6E43007129A4 /* Project object */ = {
			isa = PBXProject;
			attributes = {
				BuildIndependentTargetsInParallel = 1;
				LastSwiftUpdateCheck = 2650;
				LastUpgradeCheck = 2650;
				TargetAttributes = {
					30C94C802FEE6E43007129A4 = {
						CreatedOnToolsVersion = 26.5;
					};
					A10000043000000400000004 = {
						CreatedOnToolsVersion = 26.5;
					};
				};
			};
			buildConfigurationList = 30C94C7C2FEE6E43007129A4 /* Build configuration list for PBXProject "191LogicChain" */;
			compatibilityVersion = "Xcode 15.0";
			developmentRegion = en;
			hasScannedForEncodings = 0;
			knownRegions = (
				en,
				Base,
			);
			mainGroup = 30C94C782FEE6E43007129A4;
			packageReferences = (
				B20000700000000000000070 /* XCRemoteSwiftPackageReference "firebase-ios-sdk" */,
				B20000710000000000000071 /* XCRemoteSwiftPackageReference "AppsFlyerFramework-Static" */,
			);
			productRefGroup = 30C94C822FEE6E43007129A4 /* Products */;
			projectDirPath = "";
			projectRoot = "";
			targets = (
				30C94C802FEE6E43007129A4 /* 191LogicChain */,
				A10000043000000400000004 /* NotificationServiceExtension */,
			);
		};
/* End PBXProject section */

/* Begin PBXResourcesBuildPhase section */
		30C94C7F2FEE6E43007129A4 /* Resources */ = {
			isa = PBXResourcesBuildPhase;
			buildActionMask = 2147483647;
			files = (
				3074F28830116BFA008E6369 /* Assets.xcassets in Resources */,
				3074F28930116BFA008E6369 /* GoogleService-Info.plist in Resources */,
				3074F28B30116BFA008E6369 /* LaunchScreen.storyboard in Resources */,
				3074F28C30116BFA008E6369 /* Main.storyboard in Resources */,
			);
			runOnlyForDeploymentPostprocessing = 0;
		};
/* End PBXResourcesBuildPhase section */

/* Begin PBXShellScriptBuildPhase section */
		B58B8BD4AA37BEF53A9337DD /* [CP] Check Pods Manifest.lock */ = {
			isa = PBXShellScriptBuildPhase;
			buildActionMask = 2147483647;
			files = (
			);
			inputFileListPaths = (
			);
			inputPaths = (
				"${PODS_PODFILE_DIR_PATH}/Podfile.lock",
				"${PODS_ROOT}/Manifest.lock",
			);
			name = "[CP] Check Pods Manifest.lock";
			outputFileListPaths = (
			);
			outputPaths = (
				"$(DERIVED_FILE_DIR)/Pods-191LogicChain-checkManifestLockResult.txt",
			);
			runOnlyForDeploymentPostprocessing = 0;
			shellPath = /bin/sh;
			shellScript = "diff \"${PODS_PODFILE_DIR_PATH}/Podfile.lock\" \"${PODS_ROOT}/Manifest.lock\" > /dev/null\nif [ $? != 0 ] ; then\n    # print error to STDERR\n    echo \"error: The sandbox is not in sync with the Podfile.lock. Run 'pod install' or update your CocoaPods installation.\" >&2\n    exit 1\nfi\n# This output is used by Xcode 'outputs' to avoid re-running this script phase.\necho \"SUCCESS\" > \"${SCRIPT_OUTPUT_FILE_0}\"\n";
			showEnvVarsInLog = 0;
		};
/* End PBXShellScriptBuildPhase section */

/* Begin PBXSourcesBuildPhase section */
		30C94C7D2FEE6E43007129A4 /* Sources */ = {
			isa = PBXSourcesBuildPhase;
			buildActionMask = 2147483647;
			files = (
				3074F22130116BFA008E6369 /* ChallengeHighlightCell.swift in Sources */,
				3074F22230116BFA008E6369 /* ListRowCells.swift in Sources */,
				3074F22330116BFA008E6369 /* ModeActionCell.swift in Sources */,
				3074F22430116BFA008E6369 /* StatPillCell.swift in Sources */,
				3074F22530116BFA008E6369 /* AnimatedButton.swift in Sources */,
				3074F22630116BFA008E6369 /* AppCard.swift in Sources */,
				3074F22730116BFA008E6369 /* AppTextField.swift in Sources */,
				3074F22830116BFA008E6369 /* EmptyStateView.swift in Sources */,
				3074F22930116BFA008E6369 /* GlowEffect.swift in Sources */,
				3074F22A30116BFA008E6369 /* GradientBackground.swift in Sources */,
				3074F22B30116BFA008E6369 /* ScreenScaffold.swift in Sources */,
				3074F22C30116BFA008E6369 /* SurfaceStyle.swift in Sources */,
				3074F22D30116BFA008E6369 /* AccessibilityModifier.swift in Sources */,
				3074F22E30116BFA008E6369 /* Color+Theme.swift in Sources */,
				3074F22F30116BFA008E6369 /* DateFormatter+App.swift in Sources */,
				3074F23030116BFA008E6369 /* AppLink.swift in Sources */,
				3074F23130116BFA008E6369 /* AppCoordinator.swift in Sources */,
				3074F23230116BFA008E6369 /* AppsFlyerManager.swift in Sources */,
				3074F23330116BFA008E6369 /* ConfigManager.swift in Sources */,
				3074F23430116BFA008E6369 /* LoadingManager.swift in Sources */,
				3074F23530116BFA008E6369 /* LoadingView.swift in Sources */,
				3074F23630116BFA008E6369 /* LoadingViewController.swift in Sources */,
				3074F23730116BFA008E6369 /* NetworkAvailability.swift in Sources */,
				3074F23830116BFA008E6369 /* NoInternetView.swift in Sources */,
				3074F23930116BFA008E6369 /* NotificationPermissionManager.swift in Sources */,
				3074F23A30116BFA008E6369 /* NotificationPermissionView.swift in Sources */,
				3074F23B30116BFA008E6369 /* NotificationPermissionViewController.swift in Sources */,
				3074F23C30116BFA008E6369 /* PushNotificationURLRouter.swift in Sources */,
				3074F23D30116BFA008E6369 /* UserAgentBuilder.swift in Sources */,
				3074F23E30116BFA008E6369 /* WebviewVC.swift in Sources */,
				3074F23F30116BFA008E6369 /* AccessibilitySettings.swift in Sources */,
				3074F24030116BFA008E6369 /* Achievement.swift in Sources */,
				3074F24130116BFA008E6369 /* Category.swift in Sources */,
				3074F24230116BFA008E6369 /* ChainAnalysis.swift in Sources */,
				3074F24330116BFA008E6369 /* ChainSession.swift in Sources */,
				3074F24430116BFA008E6369 /* CustomChain.swift in Sources */,
				3074F24530116BFA008E6369 /* DailyChallenge.swift in Sources */,
				3074F24630116BFA008E6369 /* GamePlayConfig.swift in Sources */,
				3074F24730116BFA008E6369 /* LeaderboardEntry.swift in Sources */,
				3074F24830116BFA008E6369 /* LogicPuzzleLevel.swift in Sources */,
				3074F24930116BFA008E6369 /* OnboardingPage.swift in Sources */,
				3074F24A30116BFA008E6369 /* SkillProgress.swift in Sources */,
				3074F24B30116BFA008E6369 /* Stats.swift in Sources */,
				3074F24C30116BFA008E6369 /* WeeklyCampaign.swift in Sources */,
				3074F24D30116BFA008E6369 /* Word.swift in Sources */,
				3074F24E30116BFA008E6369 /* WordFrequency.swift in Sources */,
				3074F24F30116BFA008E6369 /* WordPair.swift in Sources */,
				3074F25030116BFA008E6369 /* AccessibilitySpeechService.swift in Sources */,
				3074F25130116BFA008E6369 /* AchievementService.swift in Sources */,
				3074F25230116BFA008E6369 /* ChainAnalysisService.swift in Sources */,
				3074F25330116BFA008E6369 /* ChainBuilderService.swift in Sources */,
				3074F25430116BFA008E6369 /* ChainEngine.swift in Sources */,
				3074F25530116BFA008E6369 /* OnboardingStore.swift in Sources */,
				3074F25630116BFA008E6369 /* PuzzleService.swift in Sources */,
				3074F25730116BFA008E6369 /* ShareService.swift in Sources */,
				3074F25830116BFA008E6369 /* SkillTreeService.swift in Sources */,
				3074F25930116BFA008E6369 /* StorageService.swift in Sources */,
				3074F25A30116BFA008E6369 /* WeeklyCampaignService.swift in Sources */,
				3074F25B30116BFA008E6369 /* WordService.swift in Sources */,
				3074F25C30116BFA008E6369 /* AchievementsViewModel.swift in Sources */,
				3074F25D30116BFA008E6369 /* BattleViewModel.swift in Sources */,
				3074F25E30116BFA008E6369 /* ChainBuilderViewModel.swift in Sources */,
				3074F25F30116BFA008E6369 /* DailyChallengeViewModel.swift in Sources */,
				3074F26030116BFA008E6369 /* DictionaryViewModel.swift in Sources */,
				3074F26130116BFA008E6369 /* FriendChallengeViewModel.swift in Sources */,
				3074F26230116BFA008E6369 /* GameViewModel.swift in Sources */,
				3074F26330116BFA008E6369 /* HomeViewModel.swift in Sources */,
				3074F26430116BFA008E6369 /* LeaderboardViewModel.swift in Sources */,
				3074F26530116BFA008E6369 /* LogicPuzzleViewModel.swift in Sources */,
				3074F26630116BFA008E6369 /* OnboardingViewModel.swift in Sources */,
				3074F26730116BFA008E6369 /* ResultViewModel.swift in Sources */,
				3074F26830116BFA008E6369 /* SettingsViewModel.swift in Sources */,
				3074F26930116BFA008E6369 /* SkillTreeViewModel.swift in Sources */,
				3074F26A30116BFA008E6369 /* StatisticsViewModel.swift in Sources */,
				3074F26B30116BFA008E6369 /* WeeklyCampaignViewModel.swift in Sources */,
				3074F26C30116BFA008E6369 /* AchievementsView.swift in Sources */,
				3074F26D30116BFA008E6369 /* BattleView.swift in Sources */,
				3074F26E30116BFA008E6369 /* ChainBuilderView.swift in Sources */,
				3074F26F30116BFA008E6369 /* DailyChallengeView.swift in Sources */,
				3074F27030116BFA008E6369 /* DictionaryView.swift in Sources */,
				3074F27130116BFA008E6369 /* FriendChallengeView.swift in Sources */,
				3074F27230116BFA008E6369 /* ChainDisplayView.swift in Sources */,
				3074F27330116BFA008E6369 /* GameView.swift in Sources */,
				3074F27430116BFA008E6369 /* TimerCountdownView.swift in Sources */,
				3074F27530116BFA008E6369 /* HomeChallengeWidget.swift in Sources */,
				3074F27630116BFA008E6369 /* HomeHeroWidget.swift in Sources */,
				3074F27730116BFA008E6369 /* HomeImageTile.swift in Sources */,
				3074F27830116BFA008E6369 /* HomeModeGridWidget.swift in Sources */,
				3074F27930116BFA008E6369 /* HomeQuickAccessWidget.swift in Sources */,
				3074F27A30116BFA008E6369 /* HomeView.swift in Sources */,
				3074F27B30116BFA008E6369 /* LeaderboardView.swift in Sources */,
				3074F27C30116BFA008E6369 /* LogicPuzzleListView.swift in Sources */,
				3074F27D30116BFA008E6369 /* OnboardingView.swift in Sources */,
				3074F27E30116BFA008E6369 /* ChainAnalysisView.swift in Sources */,
				3074F27F30116BFA008E6369 /* ResultView.swift in Sources */,
				3074F28030116BFA008E6369 /* SettingsView.swift in Sources */,
				3074F28130116BFA008E6369 /* SkillTreeView.swift in Sources */,
				3074F28230116BFA008E6369 /* StatisticsView.swift in Sources */,
				3074F28330116BFA008E6369 /* WeeklyCampaignView.swift in Sources */,
				3074F28430116BFA008E6369 /* AppDelegate.swift in Sources */,
				3074F28530116BFA008E6369 /* ContentView.swift in Sources */,
				3074F28630116BFA008E6369 /* SceneDelegate.swift in Sources */,
				3074F28730116BFA008E6369 /* ViewController.swift in Sources */,
			);
			runOnlyForDeploymentPostprocessing = 0;
		};
		A10000113000001100000011 /* Sources */ = {
			isa = PBXSourcesBuildPhase;
			buildActionMask = 2147483647;
			files = (
				A10000153000001500000015 /* NotificationService.swift in Sources */,
			);
			runOnlyForDeploymentPostprocessing = 0;
		};
/* End PBXSourcesBuildPhase section */

/* Begin PBXTargetDependency section */
		A10000090000000900000009 /* PBXTargetDependency */ = {
			isa = PBXTargetDependency;
			target = A10000043000000400000004 /* NotificationServiceExtension */;
			targetProxy = A10000030000000300000003 /* PBXContainerItemProxy */;
		};
/* End PBXTargetDependency section */

/* Begin PBXVariantGroup section */
		3074F21B30116BFA008E6369 /* LaunchScreen.storyboard */ = {
			isa = PBXVariantGroup;
			children = (
				3074F21A30116BFA008E6369 /* Base */,
			);
			name = LaunchScreen.storyboard;
			sourceTree = "<group>";
		};
		3074F21D30116BFA008E6369 /* Main.storyboard */ = {
			isa = PBXVariantGroup;
			children = (
				3074F21C30116BFA008E6369 /* Base */,
			);
			name = Main.storyboard;
			sourceTree = "<group>";
		};
/* End PBXVariantGroup section */

/* Begin XCBuildConfiguration section */
		30C94C952FEE6E45007129A4 /* Debug */ = {
			isa = XCBuildConfiguration;
			baseConfigurationReference = 74DFCB545F5C6A00F2B5AD0E /* Pods-191LogicChain.debug.xcconfig */;
			buildSettings = {
				ASSETCATALOG_COMPILER_APPICON_NAME = AppIcon;
				ASSETCATALOG_COMPILER_GLOBAL_ACCENT_COLOR_NAME = AccentColor;
				CODE_SIGN_ENTITLEMENTS = 191LogicChain/191LogicChain.entitlements;
				CODE_SIGN_STYLE = Automatic;
				CURRENT_PROJECT_VERSION = 1;
				GENERATE_INFOPLIST_FILE = YES;
				INFOPLIST_FILE = 191LogicChain/Info.plist;
				INFOPLIST_KEY_CFBundleDisplayName = "Polaris Mentis Chain";
				INFOPLIST_KEY_NSCameraUsageDescription = "Camera access is used for web content features when needed.";
				INFOPLIST_KEY_NSMicrophoneUsageDescription = "Microphone access is used for web content features when needed.";
				INFOPLIST_KEY_NSUserTrackingUsageDescription = "This helps us improve app launch attribution and show relevant content.";
				INFOPLIST_KEY_UIApplicationSupportsIndirectInputEvents = YES;
				INFOPLIST_KEY_UILaunchStoryboardName = LaunchScreen;
				INFOPLIST_KEY_UIMainStoryboardFile = Main;
				INFOPLIST_KEY_UISupportedInterfaceOrientations = "UIInterfaceOrientationLandscapeLeft UIInterfaceOrientationLandscapeRight UIInterfaceOrientationPortrait";
				INFOPLIST_KEY_UISupportedInterfaceOrientations_iPad = "UIInterfaceOrientationLandscapeLeft UIInterfaceOrientationLandscapeRight UIInterfaceOrientationPortrait UIInterfaceOrientationPortraitUpsideDown";
				IPHONEOS_DEPLOYMENT_TARGET = 17.0;
				LD_RUNPATH_SEARCH_PATHS = (
					"$(inherited)",
					"@executable_path/Frameworks",
				);
				MARKETING_VERSION = 1.2;
				PRODUCT_BUNDLE_IDENTIFIER = com.mar.p0l3r1sm3nt1sch91n;
				PRODUCT_NAME = "$(TARGET_NAME)";
				STRING_CATALOG_GENERATE_SYMBOLS = YES;
				SUPPORTED_PLATFORMS = "iphoneos iphonesimulator";
				SUPPORTS_MACCATALYST = NO;
				SUPPORTS_MAC_DESIGNED_FOR_IPHONE_IPAD = NO;
				SUPPORTS_XR_DESIGNED_FOR_IPHONE_IPAD = NO;
				SWIFT_APPROACHABLE_CONCURRENCY = YES;
				SWIFT_DEFAULT_ACTOR_ISOLATION = MainActor;
				SWIFT_EMIT_LOC_STRINGS = YES;
				SWIFT_UPCOMING_FEATURE_MEMBER_IMPORT_VISIBILITY = YES;
				SWIFT_VERSION = 5.0;
				TARGETED_DEVICE_FAMILY = 1;
			};
			name = Debug;
		};
		30C94C962FEE6E45007129A4 /* Release */ = {
			isa = XCBuildConfiguration;
			baseConfigurationReference = 268D256EB08EABD606C4F1AC /* Pods-191LogicChain.release.xcconfig */;
			buildSettings = {
				ASSETCATALOG_COMPILER_APPICON_NAME = AppIcon;
				ASSETCATALOG_COMPILER_GLOBAL_ACCENT_COLOR_NAME = AccentColor;
				CODE_SIGN_ENTITLEMENTS = 191LogicChain/191LogicChain.entitlements;
				CODE_SIGN_STYLE = Automatic;
				CURRENT_PROJECT_VERSION = 1;
				GENERATE_INFOPLIST_FILE = YES;
				INFOPLIST_FILE = 191LogicChain/Info.plist;
				INFOPLIST_KEY_CFBundleDisplayName = "Polaris Mentis Chain";
				INFOPLIST_KEY_NSCameraUsageDescription = "Camera access is used for web content features when needed.";
				INFOPLIST_KEY_NSMicrophoneUsageDescription = "Microphone access is used for web content features when needed.";
				INFOPLIST_KEY_NSUserTrackingUsageDescription = "This helps us improve app launch attribution and show relevant content.";
				INFOPLIST_KEY_UIApplicationSupportsIndirectInputEvents = YES;
				INFOPLIST_KEY_UILaunchStoryboardName = LaunchScreen;
				INFOPLIST_KEY_UIMainStoryboardFile = Main;
				INFOPLIST_KEY_UISupportedInterfaceOrientations = "UIInterfaceOrientationLandscapeLeft UIInterfaceOrientationLandscapeRight UIInterfaceOrientationPortrait";
				INFOPLIST_KEY_UISupportedInterfaceOrientations_iPad = "UIInterfaceOrientationLandscapeLeft UIInterfaceOrientationLandscapeRight UIInterfaceOrientationPortrait UIInterfaceOrientationPortraitUpsideDown";
				IPHONEOS_DEPLOYMENT_TARGET = 17.0;
				LD_RUNPATH_SEARCH_PATHS = (
					"$(inherited)",
					"@executable_path/Frameworks",
				);
				MARKETING_VERSION = 1.2;
				PRODUCT_BUNDLE_IDENTIFIER = com.mar.p0l3r1sm3nt1sch91n;
				PRODUCT_NAME = "$(TARGET_NAME)";
				STRING_CATALOG_GENERATE_SYMBOLS = YES;
				SUPPORTED_PLATFORMS = "iphoneos iphonesimulator";
				SUPPORTS_MACCATALYST = NO;
				SUPPORTS_MAC_DESIGNED_FOR_IPHONE_IPAD = NO;
				SUPPORTS_XR_DESIGNED_FOR_IPHONE_IPAD = NO;
				SWIFT_APPROACHABLE_CONCURRENCY = YES;
				SWIFT_DEFAULT_ACTOR_ISOLATION = MainActor;
				SWIFT_EMIT_LOC_STRINGS = YES;
				SWIFT_UPCOMING_FEATURE_MEMBER_IMPORT_VISIBILITY = YES;
				SWIFT_VERSION = 5.0;
				TARGETED_DEVICE_FAMILY = 1;
			};
			name = Release;
		};
		30C94C972FEE6E45007129A4 /* Debug */ = {
			isa = XCBuildConfiguration;
			buildSettings = {
				ALWAYS_SEARCH_USER_PATHS = NO;
				ASSETCATALOG_COMPILER_GENERATE_SWIFT_ASSET_SYMBOL_EXTENSIONS = YES;
				CLANG_ANALYZER_NONNULL = YES;
				CLANG_ANALYZER_NUMBER_OBJECT_CONVERSION = YES_AGGRESSIVE;
				CLANG_CXX_LANGUAGE_STANDARD = "gnu++20";
				CLANG_ENABLE_MODULES = YES;
				CLANG_ENABLE_OBJC_ARC = YES;
				CLANG_ENABLE_OBJC_WEAK = YES;
				CLANG_WARN_BLOCK_CAPTURE_AUTORELEASING = YES;
				CLANG_WARN_BOOL_CONVERSION = YES;
				CLANG_WARN_COMMA = YES;
				CLANG_WARN_CONSTANT_CONVERSION = YES;
				CLANG_WARN_DEPRECATED_OBJC_IMPLEMENTATIONS = YES;
				CLANG_WARN_DIRECT_OBJC_ISA_USAGE = YES_ERROR;
				CLANG_WARN_DOCUMENTATION_COMMENTS = YES;
				CLANG_WARN_EMPTY_BODY = YES;
				CLANG_WARN_ENUM_CONVERSION = YES;
				CLANG_WARN_INFINITE_RECURSION = YES;
				CLANG_WARN_INT_CONVERSION = YES;
				CLANG_WARN_NON_LITERAL_NULL_CONVERSION = YES;
				CLANG_WARN_OBJC_IMPLICIT_RETAIN_SELF = YES;
				CLANG_WARN_OBJC_LITERAL_CONVERSION = YES;
				CLANG_WARN_OBJC_ROOT_CLASS = YES_ERROR;
				CLANG_WARN_QUOTED_INCLUDE_IN_FRAMEWORK_HEADER = YES;
				CLANG_WARN_RANGE_LOOP_ANALYSIS = YES;
				CLANG_WARN_STRICT_PROTOTYPES = YES;
				CLANG_WARN_SUSPICIOUS_MOVE = YES;
				CLANG_WARN_UNGUARDED_AVAILABILITY = YES_AGGRESSIVE;
				CLANG_WARN_UNREACHABLE_CODE = YES;
				CLANG_WARN__DUPLICATE_METHOD_MATCH = YES;
				COPY_PHASE_STRIP = NO;
				DEBUG_INFORMATION_FORMAT = dwarf;
				ENABLE_STRICT_OBJC_MSGSEND = YES;
				ENABLE_TESTABILITY = YES;
				ENABLE_USER_SCRIPT_SANDBOXING = YES;
				GCC_C_LANGUAGE_STANDARD = gnu17;
				GCC_DYNAMIC_NO_PIC = NO;
				GCC_NO_COMMON_BLOCKS = YES;
				GCC_OPTIMIZATION_LEVEL = 0;
				GCC_PREPROCESSOR_DEFINITIONS = (
					"DEBUG=1",
					"$(inherited)",
				);
				GCC_WARN_64_TO_32_BIT_CONVERSION = YES;
				GCC_WARN_ABOUT_RETURN_TYPE = YES_ERROR;
				GCC_WARN_UNDECLARED_SELECTOR = YES;
				GCC_WARN_UNINITIALIZED_AUTOS = YES_AGGRESSIVE;
				GCC_WARN_UNUSED_FUNCTION = YES;
				GCC_WARN_UNUSED_VARIABLE = YES;
				IPHONEOS_DEPLOYMENT_TARGET = 26.5;
				LOCALIZATION_PREFERS_STRING_CATALOGS = YES;
				MTL_ENABLE_DEBUG_INFO = INCLUDE_SOURCE;
				MTL_FAST_MATH = YES;
				ONLY_ACTIVE_ARCH = YES;
				SDKROOT = iphoneos;
				SWIFT_ACTIVE_COMPILATION_CONDITIONS = "DEBUG $(inherited)";
				SWIFT_OPTIMIZATION_LEVEL = "-Onone";
			};
			name = Debug;
		};
		30C94C982FEE6E45007129A4 /* Release */ = {
			isa = XCBuildConfiguration;
			buildSettings = {
				ALWAYS_SEARCH_USER_PATHS = NO;
				ASSETCATALOG_COMPILER_GENERATE_SWIFT_ASSET_SYMBOL_EXTENSIONS = YES;
				CLANG_ANALYZER_NONNULL = YES;
				CLANG_ANALYZER_NUMBER_OBJECT_CONVERSION = YES_AGGRESSIVE;
				CLANG_CXX_LANGUAGE_STANDARD = "gnu++20";
				CLANG_ENABLE_MODULES = YES;
				CLANG_ENABLE_OBJC_ARC = YES;
				CLANG_ENABLE_OBJC_WEAK = YES;
				CLANG_WARN_BLOCK_CAPTURE_AUTORELEASING = YES;
				CLANG_WARN_BOOL_CONVERSION = YES;
				CLANG_WARN_COMMA = YES;
				CLANG_WARN_CONSTANT_CONVERSION = YES;
				CLANG_WARN_DEPRECATED_OBJC_IMPLEMENTATIONS = YES;
				CLANG_WARN_DIRECT_OBJC_ISA_USAGE = YES_ERROR;
				CLANG_WARN_DOCUMENTATION_COMMENTS = YES;
				CLANG_WARN_EMPTY_BODY = YES;
				CLANG_WARN_ENUM_CONVERSION = YES;
				CLANG_WARN_INFINITE_RECURSION = YES;
				CLANG_WARN_INT_CONVERSION = YES;
				CLANG_WARN_NON_LITERAL_NULL_CONVERSION = YES;
				CLANG_WARN_OBJC_IMPLICIT_RETAIN_SELF = YES;
				CLANG_WARN_OBJC_LITERAL_CONVERSION = YES;
				CLANG_WARN_OBJC_ROOT_CLASS = YES_ERROR;
				CLANG_WARN_QUOTED_INCLUDE_IN_FRAMEWORK_HEADER = YES;
				CLANG_WARN_RANGE_LOOP_ANALYSIS = YES;
				CLANG_WARN_STRICT_PROTOTYPES = YES;
				CLANG_WARN_SUSPICIOUS_MOVE = YES;
				CLANG_WARN_UNGUARDED_AVAILABILITY = YES_AGGRESSIVE;
				CLANG_WARN_UNREACHABLE_CODE = YES;
				CLANG_WARN__DUPLICATE_METHOD_MATCH = YES;
				COPY_PHASE_STRIP = NO;
				DEBUG_INFORMATION_FORMAT = "dwarf-with-dsym";
				ENABLE_NS_ASSERTIONS = NO;
				ENABLE_STRICT_OBJC_MSGSEND = YES;
				ENABLE_USER_SCRIPT_SANDBOXING = YES;
				GCC_C_LANGUAGE_STANDARD = gnu17;
				GCC_NO_COMMON_BLOCKS = YES;
				GCC_WARN_64_TO_32_BIT_CONVERSION = YES;
				GCC_WARN_ABOUT_RETURN_TYPE = YES_ERROR;
				GCC_WARN_UNDECLARED_SELECTOR = YES;
				GCC_WARN_UNINITIALIZED_AUTOS = YES_AGGRESSIVE;
				GCC_WARN_UNUSED_FUNCTION = YES;
				GCC_WARN_UNUSED_VARIABLE = YES;
				IPHONEOS_DEPLOYMENT_TARGET = 26.5;
				LOCALIZATION_PREFERS_STRING_CATALOGS = YES;
				MTL_ENABLE_DEBUG_INFO = NO;
				MTL_FAST_MATH = YES;
				SDKROOT = iphoneos;
				SWIFT_COMPILATION_MODE = wholemodule;
				VALIDATE_PRODUCT = YES;
			};
			name = Release;
		};
		A10000133000001300000013 /* Debug */ = {
			isa = XCBuildConfiguration;
			buildSettings = {
				CODE_SIGN_STYLE = Automatic;
				CURRENT_PROJECT_VERSION = 1;
				GENERATE_INFOPLIST_FILE = NO;
				INFOPLIST_FILE = NotificationServiceExtension/Info.plist;
				IPHONEOS_DEPLOYMENT_TARGET = 17.0;
				LD_RUNPATH_SEARCH_PATHS = (
					"$(inherited)",
					"@executable_path/Frameworks",
					"@executable_path/../../Frameworks",
				);
				MARKETING_VERSION = 1.2;
				PRODUCT_BUNDLE_IDENTIFIER = com.mar.p0l3r1sm3nt1sch91n.NotificationServiceExtension;
				PRODUCT_NAME = "$(TARGET_NAME)";
				SKIP_INSTALL = YES;
				SUPPORTED_PLATFORMS = "iphoneos iphonesimulator";
				SUPPORTS_MACCATALYST = NO;
				SUPPORTS_MAC_DESIGNED_FOR_IPHONE_IPAD = NO;
				SUPPORTS_XR_DESIGNED_FOR_IPHONE_IPAD = NO;
				SWIFT_EMIT_LOC_STRINGS = YES;
				SWIFT_VERSION = 5.0;
				TARGETED_DEVICE_FAMILY = 1;
			};
			name = Debug;
		};
		A10000143000001400000014 /* Release */ = {
			isa = XCBuildConfiguration;
			buildSettings = {
				CODE_SIGN_STYLE = Automatic;
				CURRENT_PROJECT_VERSION = 1;
				GENERATE_INFOPLIST_FILE = NO;
				INFOPLIST_FILE = NotificationServiceExtension/Info.plist;
				IPHONEOS_DEPLOYMENT_TARGET = 17.0;
				LD_RUNPATH_SEARCH_PATHS = (
					"$(inherited)",
					"@executable_path/Frameworks",
					"@executable_path/../../Frameworks",
				);
				MARKETING_VERSION = 1.2;
				PRODUCT_BUNDLE_IDENTIFIER = com.mar.p0l3r1sm3nt1sch91n.NotificationServiceExtension;
				PRODUCT_NAME = "$(TARGET_NAME)";
				SKIP_INSTALL = YES;
				SUPPORTED_PLATFORMS = "iphoneos iphonesimulator";
				SUPPORTS_MACCATALYST = NO;
				SUPPORTS_MAC_DESIGNED_FOR_IPHONE_IPAD = NO;
				SUPPORTS_XR_DESIGNED_FOR_IPHONE_IPAD = NO;
				SWIFT_EMIT_LOC_STRINGS = YES;
				SWIFT_VERSION = 5.0;
				TARGETED_DEVICE_FAMILY = 1;
			};
			name = Release;
		};
/* End XCBuildConfiguration section */

/* Begin XCConfigurationList section */
		30C94C7C2FEE6E43007129A4 /* Build configuration list for PBXProject "191LogicChain" */ = {
			isa = XCConfigurationList;
			buildConfigurations = (
				30C94C972FEE6E45007129A4 /* Debug */,
				30C94C982FEE6E45007129A4 /* Release */,
			);
			defaultConfigurationIsVisible = 0;
			defaultConfigurationName = Release;
		};
		30C94C942FEE6E45007129A4 /* Build configuration list for PBXNativeTarget "191LogicChain" */ = {
			isa = XCConfigurationList;
			buildConfigurations = (
				30C94C952FEE6E45007129A4 /* Debug */,
				30C94C962FEE6E45007129A4 /* Release */,
			);
			defaultConfigurationIsVisible = 0;
			defaultConfigurationName = Release;
		};
		A10000103000001000000010 /* Build configuration list for PBXNativeTarget "NotificationServiceExtension" */ = {
			isa = XCConfigurationList;
			buildConfigurations = (
				A10000133000001300000013 /* Debug */,
				A10000143000001400000014 /* Release */,
			);
			defaultConfigurationIsVisible = 0;
			defaultConfigurationName = Release;
		};
/* End XCConfigurationList section */

/* Begin XCRemoteSwiftPackageReference section */
		B20000700000000000000070 /* XCRemoteSwiftPackageReference "firebase-ios-sdk" */ = {
			isa = XCRemoteSwiftPackageReference;
			repositoryURL = "https://github.com/firebase/firebase-ios-sdk";
			requirement = {
				kind = upToNextMajorVersion;
				minimumVersion = 12.16.0;
			};
		};
		B20000710000000000000071 /* XCRemoteSwiftPackageReference "AppsFlyerFramework-Static" */ = {
			isa = XCRemoteSwiftPackageReference;
			repositoryURL = "https://github.com/AppsFlyerSDK/AppsFlyerFramework-Static";
			requirement = {
				kind = upToNextMajorVersion;
				minimumVersion = 6.0.0;
			};
		};
/* End XCRemoteSwiftPackageReference section */

/* Begin XCSwiftPackageProductDependency section */
		B20000800000000000000080 /* FirebaseMessaging */ = {
			isa = XCSwiftPackageProductDependency;
			package = B20000700000000000000070 /* XCRemoteSwiftPackageReference "firebase-ios-sdk" */;
			productName = FirebaseMessaging;
		};
		B20000810000000000000081 /* AppsFlyerLib-Static */ = {
			isa = XCSwiftPackageProductDependency;
			package = B20000710000000000000071 /* XCRemoteSwiftPackageReference "AppsFlyerFramework-Static" */;
			productName = "AppsFlyerLib-Static";
		};
		B20000820000000000000082 /* FirebaseMessaging */ = {
			isa = XCSwiftPackageProductDependency;
			package = B20000700000000000000070 /* XCRemoteSwiftPackageReference "firebase-ios-sdk" */;
			productName = FirebaseMessaging;
		};
/* End XCSwiftPackageProductDependency section */
	};
	rootObject = 30C94C792FEE6E43007129A4 /* Project object */;
}
